// !$*UTF8*$!
{
	archiveVersion = 1;
	classes = {
	};
	objectVersion = 56;
	objects = {

/* Begin PBXBuildFile section */
		2EF02FEA2BE042220023247F /* VMNotificationHandler in Frameworks */ = {isa = PBXBuildFile; productRef = 2EF02FE92BE042220023247F /* VMNotificationHandler */; };
		76BA2A552BE0162A0038E2AD /* PlanTioApp.swift in Sources */ = {isa = PBXBuildFile; fileRef = 76BA2A542BE0162A0038E2AD /* PlanTioApp.swift */; };
		76BA2A572BE0162A0038E2AD /* ContentView.swift in Sources */ = {isa = PBXBuildFile; fileRef = 76BA2A562BE0162A0038E2AD /* ContentView.swift */; };
		76BA2A592BE0162B0038E2AD /* Assets.xcassets in Resources */ = {isa = PBXBuildFile; fileRef = 76BA2A582BE0162B0038E2AD /* Assets.xcassets */; };
		76BA2A5C2BE0162B0038E2AD /* Preview Assets.xcassets in Resources */ = {isa = PBXBuildFile; fileRef = 76BA2A5B2BE0162B0038E2AD /* Preview Assets.xcassets */; };
		76BA2A662BE0162B0038E2AD /* PlanTioTests.swift in Sources */ = {isa = PBXBuildFile; fileRef = 76BA2A652BE0162B0038E2AD /* PlanTioTests.swift */; };
		76BA2A702BE0162B0038E2AD /* PlanTioUITests.swift in Sources */ = {isa = PBXBuildFile; fileRef = 76BA2A6F2BE0162B0038E2AD /* PlanTioUITests.swift */; };
		76BA2A722BE0162B0038E2AD /* PlanTioUITestsLaunchTests.swift in Sources */ = {isa = PBXBuildFile; fileRef = 76BA2A712BE0162B0038E2AD /* PlanTioUITestsLaunchTests.swift */; };
		76BA2A7F2BE016720038E2AD /* TabBarView.swift in Sources */ = {isa = PBXBuildFile; fileRef = 76BA2A7E2BE016720038E2AD /* TabBarView.swift */; };
		76BA2A812BE01B230038E2AD /* AddPlantView.swift in Sources */ = {isa = PBXBuildFile; fileRef = 76BA2A802BE01B230038E2AD /* AddPlantView.swift */; };
		76BA2A832BE01B490038E2AD /* PlantViewModel.swift in Sources */ = {isa = PBXBuildFile; fileRef = 76BA2A822BE01B490038E2AD /* PlantViewModel.swift */; };
		76BA2A852BE01B5F0038E2AD /* Plant.swift in Sources */ = {isa = PBXBuildFile; fileRef = 76BA2A842BE01B5F0038E2AD /* Plant.swift */; };
		76BA2A872BE01B770038E2AD /* DateFormatter.swift in Sources */ = {isa = PBXBuildFile; fileRef = 76BA2A862BE01B770038E2AD /* DateFormatter.swift */; };
		76BA2A892BE01BDE0038E2AD /* PlantDetailView.swift in Sources */ = {isa = PBXBuildFile; fileRef = 76BA2A882BE01BDE0038E2AD /* PlantDetailView.swift */; };
		76BA2A8B2BE01C100038E2AD /* WateringView.swift in Sources */ = {isa = PBXBuildFile; fileRef = 76BA2A8A2BE01C100038E2AD /* WateringView.swift */; };
		76BA2A8D2BE01C230038E2AD /* SunlightView.swift in Sources */ = {isa = PBXBuildFile; fileRef = 76BA2A8C2BE01C230038E2AD /* SunlightView.swift */; };
		76BA2A8F2BE01C390038E2AD /* AlarmView.swift in Sources */ = {isa = PBXBuildFile; fileRef = 76BA2A8E2BE01C390038E2AD /* AlarmView.swift */; };
		76BA2A972BE15FA90038E2AD /* InfoPlantas in Resources */ = {isa = PBXBuildFile; fileRef = 76BA2A962BE15FA90038E2AD /* InfoPlantas */; };
		76BA2A992BE16B1A0038E2AD /* ImagePicker.swift in Sources */ = {isa = PBXBuildFile; fileRef = 76BA2A982BE16B1A0038E2AD /* ImagePicker.swift */; };
/* End PBXBuildFile section */

/* Begin PBXContainerItemProxy section */
		76BA2A622BE0162B0038E2AD /* PBXContainerItemProxy */ = {
			isa = PBXContainerItemProxy;
			containerPortal = 76BA2A492BE0162A0038E2AD /* Project object */;
			proxyType = 1;
			remoteGlobalIDString = 76BA2A502BE0162A0038E2AD;
			remoteInfo = PlanTio;
		};
		76BA2A6C2BE0162B0038E2AD /* PBXContainerItemProxy */ = {
			isa = PBXContainerItemProxy;
			containerPortal = 76BA2A492BE0162A0038E2AD /* Project object */;
			proxyType = 1;
			remoteGlobalIDString = 76BA2A502BE0162A0038E2AD;
			remoteInfo = PlanTio;
		};
/* End PBXContainerItemProxy section */

/* Begin PBXFileReference section */
		2EF02FEB2BE16CF80023247F /* Info.plist */ = {isa = PBXFileReference; lastKnownFileType = text.plist; path = Info.plist; sourceTree = "<group>"; };
		76BA2A512BE0162A0038E2AD /* PlanTio.app */ = {isa = PBXFileReference; explicitFileType = wrapper.application; includeInIndex = 0; path = PlanTio.app; sourceTree = BUILT_PRODUCTS_DIR; };
		76BA2A542BE0162A0038E2AD /* PlanTioApp.swift */ = {isa = PBXFileReference; lastKnownFileType = sourcecode.swift; path = PlanTioApp.swift; sourceTree = "<group>"; };
		76BA2A562BE0162A0038E2AD /* ContentView.swift */ = {isa = PBXFileReference; lastKnownFileType = sourcecode.swift; path = ContentView.swift; sourceTree = "<group>"; };
		76BA2A582BE0162B0038E2AD /* Assets.xcassets */ = {isa = PBXFileReference; lastKnownFileType = folder.assetcatalog; path = Assets.xcassets; sourceTree = "<group>"; };
		76BA2A5B2BE0162B0038E2AD /* Preview Assets.xcassets */ = {isa = PBXFileReference; lastKnownFileType = folder.assetcatalog; path = "Preview Assets.xcassets"; sourceTree = "<group>"; };
		76BA2A612BE0162B0038E2AD /* PlanTioTests.xctest */ = {isa = PBXFileReference; explicitFileType = wrapper.cfbundle; includeInIndex = 0; path = PlanTioTests.xctest; sourceTree = BUILT_PRODUCTS_DIR; };
		76BA2A652BE0162B0038E2AD /* PlanTioTests.swift */ = {isa = PBXFileReference; lastKnownFileType = sourcecode.swift; path = PlanTioTests.swift; sourceTree = "<group>"; };
		76BA2A6B2BE0162B0038E2AD /* PlanTioUITests.xctest */ = {isa = PBXFileReference; explicitFileType = wrapper.cfbundle; includeInIndex = 0; path = PlanTioUITests.xctest; sourceTree = BUILT_PRODUCTS_DIR; };
		76BA2A6F2BE0162B0038E2AD /* PlanTioUITests.swift */ = {isa = PBXFileReference; lastKnownFileType = sourcecode.swift; path = PlanTioUITests.swift; sourceTree = "<group>"; };
		76BA2A712BE0162B0038E2AD /* PlanTioUITestsLaunchTests.swift */ = {isa = PBXFileReference; lastKnownFileType = sourcecode.swift; path = PlanTioUITestsLaunchTests.swift; sourceTree = "<group>"; };
		76BA2A7E2BE016720038E2AD /* TabBarView.swift */ = {isa = PBXFileReference; lastKnownFileType = sourcecode.swift; path = TabBarView.swift; sourceTree = "<group>"; };
		76BA2A802BE01B230038E2AD /* AddPlantView.swift */ = {isa = PBXFileReference; lastKnownFileType = sourcecode.swift; path = AddPlantView.swift; sourceTree = "<group>"; };
		76BA2A822BE01B490038E2AD /* PlantViewModel.swift */ = {isa = PBXFileReference; lastKnownFileType = sourcecode.swift; path = PlantViewModel.swift; sourceTree = "<group>"; };
		76BA2A842BE01B5F0038E2AD /* Plant.swift */ = {isa = PBXFileReference; lastKnownFileType = sourcecode.swift; path = Plant.swift; sourceTree = "<group>"; };
		76BA2A862BE01B770038E2AD /* DateFormatter.swift */ = {isa = PBXFileReference; lastKnownFileType = sourcecode.swift; path = DateFormatter.swift; sourceTree = "<group>"; };
		76BA2A882BE01BDE0038E2AD /* PlantDetailView.swift */ = {isa = PBXFileReference; lastKnownFileType = sourcecode.swift; path = PlantDetailView.swift; sourceTree = "<group>"; };
		76BA2A8A2BE01C100038E2AD /* WateringView.swift */ = {isa = PBXFileReference; lastKnownFileType = sourcecode.swift; path = WateringView.swift; sourceTree = "<group>"; };
		76BA2A8C2BE01C230038E2AD /* SunlightView.swift */ = {isa = PBXFileReference; lastKnownFileType = sourcecode.swift; path = SunlightView.swift; sourceTree = "<group>"; };
		76BA2A8E2BE01C390038E2AD /* AlarmView.swift */ = {isa = PBXFileReference; lastKnownFileType = sourcecode.swift; path = AlarmView.swift; sourceTree = "<group>"; };
		76BA2A962BE15FA90038E2AD /* InfoPlantas */ = {isa = PBXFileReference; lastKnownFileType = text; path = InfoPlantas; sourceTree = "<group>"; };
		76BA2A982BE16B1A0038E2AD /* ImagePicker.swift */ = {isa = PBXFileReference; lastKnownFileType = sourcecode.swift; path = ImagePicker.swift; sourceTree = "<group>"; };
/* End PBXFileReference section */

/* Begin PBXFrameworksBuildPhase section */
		76BA2A4E2BE0162A0038E2AD /* Frameworks */ = {
			isa = PBXFrameworksBuildPhase;
			buildActionMask = 2147483647;
			files = (
				2EF02FEA2BE042220023247F /* VMNotificationHandler in Frameworks */,
			);
			runOnlyForDeploymentPostprocessing = 0;
		};
		76BA2A5E2BE0162B0038E2AD /* Frameworks */ = {
			isa = PBXFrameworksBuildPhase;
			buildActionMask = 2147483647;
			files = (
			);
			runOnlyForDeploymentPostprocessing = 0;
		};
		76BA2A682BE0162B0038E2AD /* Frameworks */ = {
			isa = PBXFrameworksBuildPhase;
			buildActionMask = 2147483647;
			files = (
			);
			runOnlyForDeploymentPostprocessing = 0;
		};
/* End PBXFrameworksBuildPhase section */

/* Begin PBXGroup section */
		76BA2A482BE0162A0038E2AD = {
			isa = PBXGroup;
			children = (
				76BA2A532BE0162A0038E2AD /* PlanTio */,
				76BA2A642BE0162B0038E2AD /* PlanTioTests */,
				76BA2A6E2BE0162B0038E2AD /* PlanTioUITests */,
				76BA2A522BE0162A0038E2AD /* Products */,
			);
			sourceTree = "<group>";
		};
		76BA2A522BE0162A0038E2AD /* Products */ = {
			isa = PBXGroup;
			children = (
				76BA2A512BE0162A0038E2AD /* PlanTio.app */,
				76BA2A612BE0162B0038E2AD /* PlanTioTests.xctest */,
				76BA2A6B2BE0162B0038E2AD /* PlanTioUITests.xctest */,
			);
			name = Products;
			sourceTree = "<group>";
		};
		76BA2A532BE0162A0038E2AD /* PlanTio */ = {
			isa = PBXGroup;
			children = (
				2EF02FEB2BE16CF80023247F /* Info.plist */,
				76BA2A962BE15FA90038E2AD /* InfoPlantas */,
				76BA2A932BE01D580038E2AD /* Classes */,
				76BA2A912BE01D210038E2AD /* Telas */,
				76BA2A542BE0162A0038E2AD /* PlanTioApp.swift */,
				76BA2A862BE01B770038E2AD /* DateFormatter.swift */,
				76BA2A8E2BE01C390038E2AD /* AlarmView.swift */,
				76BA2A582BE0162B0038E2AD /* Assets.xcassets */,
				76BA2A5A2BE0162B0038E2AD /* Preview Content */,
				76BA2A982BE16B1A0038E2AD /* ImagePicker.swift */,
			);
			path = PlanTio;
			sourceTree = "<group>";
		};
		76BA2A5A2BE0162B0038E2AD /* Preview Content */ = {
			isa = PBXGroup;
			children = (
				76BA2A5B2BE0162B0038E2AD /* Preview Assets.xcassets */,
			);
			path = "Preview Content";
			sourceTree = "<group>";
		};
		76BA2A642BE0162B0038E2AD /* PlanTioTests */ = {
			isa = PBXGroup;
			children = (
				76BA2A652BE0162B0038E2AD /* PlanTioTests.swift */,
			);
			path = PlanTioTests;
			sourceTree = "<group>";
		};
		76BA2A6E2BE0162B0038E2AD /* PlanTioUITests */ = {
			isa = PBXGroup;
			children = (
				76BA2A6F2BE0162B0038E2AD /* PlanTioUITests.swift */,
				76BA2A712BE0162B0038E2AD /* PlanTioUITestsLaunchTests.swift */,
			);
			path = PlanTioUITests;
			sourceTree = "<group>";
		};
		76BA2A912BE01D210038E2AD /* Telas */ = {
			isa = PBXGroup;
			children = (
				76BA2A7E2BE016720038E2AD /* TabBarView.swift */,
				76BA2A562BE0162A0038E2AD /* ContentView.swift */,
				76BA2A8A2BE01C100038E2AD /* WateringView.swift */,
				76BA2A8C2BE01C230038E2AD /* SunlightView.swift */,
				76BA2A882BE01BDE0038E2AD /* PlantDetailView.swift */,
				76BA2A802BE01B230038E2AD /* AddPlantView.swift */,
			);
			path = Telas;
			sourceTree = "<group>";
		};
		76BA2A932BE01D580038E2AD /* Classes */ = {
			isa = PBXGroup;
			children = (
				76BA2A842BE01B5F0038E2AD /* Plant.swift */,
				76BA2A822BE01B490038E2AD /* PlantViewModel.swift */,
			);
			path = Classes;
			sourceTree = "<group>";
		};
/* End PBXGroup section */

/* Begin PBXNativeTarget section */
		76BA2A502BE0162A0038E2AD /* PlanTio */ = {
			isa = PBXNativeTarget;
			buildConfigurationList = 76BA2A752BE0162B0038E2AD /* Build configuration list for PBXNativeTarget "PlanTio" */;
			buildPhases = (
				76BA2A4D2BE0162A0038E2AD /* Sources */,
				76BA2A4E2BE0162A0038E2AD /* Frameworks */,
				76BA2A4F2BE0162A0038E2AD /* Resources */,
			);
			buildRules = (
			);
			dependencies = (
			);
			name = PlanTio;
			packageProductDependencies = (
				2EF02FE92BE042220023247F /* VMNotificationHandler */,
			);
			productName = PlanTio;
			productReference = 76BA2A512BE0162A0038E2AD /* PlanTio.app */;
			productType = "com.apple.product-type.application";
		};
		76BA2A602BE0162B0038E2AD /* PlanTioTests */ = {
			isa = PBXNativeTarget;
			buildConfigurationList = 76BA2A782BE0162B0038E2AD /* Build configuration list for PBXNativeTarget "PlanTioTests" */;
			buildPhases = (
				76BA2A5D2BE0162B0038E2AD /* Sources */,
				76BA2A5E2BE0162B0038E2AD /* Frameworks */,
				76BA2A5F2BE0162B0038E2AD /* Resources */,
			);
			buildRules = (
			);
			dependencies = (
				76BA2A632BE0162B0038E2AD /* PBXTargetDependency */,
			);
			name = PlanTioTests;
			productName = PlanTioTests;
			productReference = 76BA2A612BE0162B0038E2AD /* PlanTioTests.xctest */;
			productType = "com.apple.product-type.bundle.unit-test";
		};
		76BA2A6A2BE0162B0038E2AD /* PlanTioUITests */ = {
			isa = PBXNativeTarget;
			buildConfigurationList = 76BA2A7B2BE0162B0038E2AD /* Build configuration list for PBXNativeTarget "PlanTioUITests" */;
			buildPhases = (
				76BA2A672BE0162B0038E2AD /* Sources */,
				76BA2A682BE0162B0038E2AD /* Frameworks */,
				76BA2A692BE0162B0038E2AD /* Resources */,
			);
			buildRules = (
			);
			dependencies = (
				76BA2A6D2BE0162B0038E2AD /* PBXTargetDependency */,
			);
			name = PlanTioUITests;
			productName = PlanTioUITests;
			productReference = 76BA2A6B2BE0162B0038E2AD /* PlanTioUITests.xctest */;
			productType = "com.apple.product-type.bundle.ui-testing";
		};
/* End PBXNativeTarget section */

/* Begin PBXProject section */
		76BA2A492BE0162A0038E2AD /* Project object */ = {
			isa = PBXProject;
			attributes = {
				BuildIndependentTargetsInParallel = 1;
				LastSwiftUpdateCheck = 1520;
				LastUpgradeCheck = 1520;
				TargetAttributes = {
					76BA2A502BE0162A0038E2AD = {
						CreatedOnToolsVersion = 15.2;
					};
					76BA2A602BE0162B0038E2AD = {
						CreatedOnToolsVersion = 15.2;
						TestTargetID = 76BA2A502BE0162A0038E2AD;
					};
					76BA2A6A2BE0162B0038E2AD = {
						CreatedOnToolsVersion = 15.2;
						TestTargetID = 76BA2A502BE0162A0038E2AD;
					};
				};
			};
			buildConfigurationList = 76BA2A4C2BE0162A0038E2AD /* Build configuration list for PBXProject "PlanTio" */;
			compatibilityVersion = "Xcode 14.0";
			developmentRegion = en;
			hasScannedForEncodings = 0;
			knownRegions = (
				en,
				Base,
			);
			mainGroup = 76BA2A482BE0162A0038E2AD;
			packageReferences = (
				2EF02FE82BE042220023247F /* XCRemoteSwiftPackageReference "VMNotificationHandler" */,
			);
			productRefGroup = 76BA2A522BE0162A0038E2AD /* Products */;
			projectDirPath = "";
			projectRoot = "";
			targets = (
				76BA2A502BE0162A0038E2AD /* PlanTio */,
				76BA2A602BE0162B0038E2AD /* PlanTioTests */,
				76BA2A6A2BE0162B0038E2AD /* PlanTioUITests */,
			);
		};
/* End PBXProject section */

/* Begin PBXResourcesBuildPhase section */
		76BA2A4F2BE0162A0038E2AD /* Resources */ = {
			isa = PBXResourcesBuildPhase;
			buildActionMask = 2147483647;
			files = (
				76BA2A5C2BE0162B0038E2AD /* Preview Assets.xcassets in Resources */,
				76BA2A592BE0162B0038E2AD /* Assets.xcassets in Resources */,
				76BA2A972BE15FA90038E2AD /* InfoPlantas in Resources */,
			);
			runOnlyForDeploymentPostprocessing = 0;
		};
		76BA2A5F2BE0162B0038E2AD /* Resources */ = {
			isa = PBXResourcesBuildPhase;
			buildActionMask = 2147483647;
			files = (
			);
			runOnlyForDeploymentPostprocessing = 0;
		};
		76BA2A692BE0162B0038E2AD /* Resources */ = {
			isa = PBXResourcesBuildPhase;
			buildActionMask = 2147483647;
			files = (
			);
			runOnlyForDeploymentPostprocessing = 0;
		};
/* End PBXResourcesBuildPhase section */

/* Begin PBXSourcesBuildPhase section */
		76BA2A4D2BE0162A0038E2AD /* Sources */ = {
			isa = PBXSourcesBuildPhase;
			buildActionMask = 2147483647;
			files = (
				76BA2A812BE01B230038E2AD /* AddPlantView.swift in Sources */,
				76BA2A852BE01B5F0038E2AD /* Plant.swift in Sources */,
				76BA2A8D2BE01C230038E2AD /* SunlightView.swift in Sources */,
				76BA2A572BE0162A0038E2AD /* ContentView.swift in Sources */,
				76BA2A872BE01B770038E2AD /* DateFormatter.swift in Sources */,
				76BA2A7F2BE016720038E2AD /* TabBarView.swift in Sources */,
				76BA2A892BE01BDE0038E2AD /* PlantDetailView.swift in Sources */,
				76BA2A8F2BE01C390038E2AD /* AlarmView.swift in Sources */,
				76BA2A832BE01B490038E2AD /* PlantViewModel.swift in Sources */,
				76BA2A992BE16B1A0038E2AD /* ImagePicker.swift in Sources */,
				76BA2A552BE0162A0038E2AD /* PlanTioApp.swift in Sources */,
				76BA2A8B2BE01C100038E2AD /* WateringView.swift in Sources */,
			);
			runOnlyForDeploymentPostprocessing = 0;
		};
		76BA2A5D2BE0162B0038E2AD /* Sources */ = {
			isa = PBXSourcesBuildPhase;
			buildActionMask = 2147483647;
			files = (
				76BA2A662BE0162B0038E2AD /* PlanTioTests.swift in Sources */,
			);
			runOnlyForDeploymentPostprocessing = 0;
		};
		76BA2A672BE0162B0038E2AD /* Sources */ = {
			isa = PBXSourcesBuildPhase;
			buildActionMask = 2147483647;
			files = (
				76BA2A722BE0162B0038E2AD /* PlanTioUITestsLaunchTests.swift in Sources */,
				76BA2A702BE0162B0038E2AD /* PlanTioUITests.swift in Sources */,
			);
			runOnlyForDeploymentPostprocessing = 0;
		};
/* End PBXSourcesBuildPhase section */

/* Begin PBXTargetDependency section */
		76BA2A632BE0162B0038E2AD /* PBXTargetDependency */ = {
			isa = PBXTargetDependency;
			target = 76BA2A502BE0162A0038E2AD /* PlanTio */;
			targetProxy = 76BA2A622BE0162B0038E2AD /* PBXContainerItemProxy */;
		};
		76BA2A6D2BE0162B0038E2AD /* PBXTargetDependency */ = {
			isa = PBXTargetDependency;
			target = 76BA2A502BE0162A0038E2AD /* PlanTio */;
			targetProxy = 76BA2A6C2BE0162B0038E2AD /* PBXContainerItemProxy */;
		};
/* End PBXTargetDependency section */

/* Begin XCBuildConfiguration section */
		76BA2A732BE0162B0038E2AD /* Debug */ = {
			isa = XCBuildConfiguration;
			buildSettings = {
				ALWAYS_SEARCH_USER_PATHS = NO;
				ASSETCATALOG_COMPILER_GENERATE_SWIFT_ASSET_SYMBOL_EXTENSIONS = YES;
				CLANG_ANALYZER_NONNULL = YES;
				CLANG_ANALYZER_NUMBER_OBJECT_CONVERSION = YES_AGGRESSIVE;
				CLANG_CXX_LANGUAGE_STANDARD = "gnu++20";
				CLANG_ENABLE_MODULES = YES;
				CLANG_ENABLE_OBJC_ARC = YES;
				CLANG_ENABLE_OBJC_WEAK = YES;
				CLANG_WARN_BLOCK_CAPTURE_AUTORELEASING = YES;
				CLANG_WARN_BOOL_CONVERSION = YES;
				CLANG_WARN_COMMA = YES;
				CLANG_WARN_CONSTANT_CONVERSION = YES;
				CLANG_WARN_DEPRECATED_OBJC_IMPLEMENTATIONS = YES;
				CLANG_WARN_DIRECT_OBJC_ISA_USAGE = YES_ERROR;
				CLANG_WARN_DOCUMENTATION_COMMENTS = YES;
				CLANG_WARN_EMPTY_BODY = YES;
				CLANG_WARN_ENUM_CONVERSION = YES;
				CLANG_WARN_INFINITE_RECURSION = YES;
				CLANG_WARN_INT_CONVERSION = YES;
				CLANG_WARN_NON_LITERAL_NULL_CONVERSION = YES;
				CLANG_WARN_OBJC_IMPLICIT_RETAIN_SELF = YES;
				CLANG_WARN_OBJC_LITERAL_CONVERSION = YES;
				CLANG_WARN_OBJC_ROOT_CLASS = YES_ERROR;
				CLANG_WARN_QUOTED_INCLUDE_IN_FRAMEWORK_HEADER = YES;
				CLANG_WARN_RANGE_LOOP_ANALYSIS = YES;
				CLANG_WARN_STRICT_PROTOTYPES = YES;
				CLANG_WARN_SUSPICIOUS_MOVE = YES;
				CLANG_WARN_UNGUARDED_AVAILABILITY = YES_AGGRESSIVE;
				CLANG_WARN_UNREACHABLE_CODE = YES;
				CLANG_WARN__DUPLICATE_METHOD_MATCH = YES;
				COPY_PHASE_STRIP = NO;
				DEBUG_INFORMATION_FORMAT = dwarf;
				ENABLE_STRICT_OBJC_MSGSEND = YES;
				ENABLE_TESTABILITY = YES;
				ENABLE_USER_SCRIPT_SANDBOXING = YES;
				GCC_C_LANGUAGE_STANDARD = gnu17;
				GCC_DYNAMIC_NO_PIC = NO;
				GCC_NO_COMMON_BLOCKS = YES;
				GCC_OPTIMIZATION_LEVEL = 0;
				GCC_PREPROCESSOR_DEFINITIONS = (
					"DEBUG=1",
					"$(inherited)",
				);
				GCC_WARN_64_TO_32_BIT_CONVERSION = YES;
				GCC_WARN_ABOUT_RETURN_TYPE = YES_ERROR;
				GCC_WARN_UNDECLARED_SELECTOR = YES;
				GCC_WARN_UNINITIALIZED_AUTOS = YES_AGGRESSIVE;
				GCC_WARN_UNUSED_FUNCTION = YES;
				GCC_WARN_UNUSED_VARIABLE = YES;
				IPHONEOS_DEPLOYMENT_TARGET = 17.2;
				LOCALIZATION_PREFERS_STRING_CATALOGS = YES;
				MTL_ENABLE_DEBUG_INFO = INCLUDE_SOURCE;
				MTL_FAST_MATH = YES;
				ONLY_ACTIVE_ARCH = YES;
				SDKROOT = iphoneos;
				SWIFT_ACTIVE_COMPILATION_CONDITIONS = "DEBUG $(inherited)";
				SWIFT_OPTIMIZATION_LEVEL = "-Onone";
			};
			name = Debug;
		};
		76BA2A742BE0162B0038E2AD /* Release */ = {
			isa = XCBuildConfiguration;
			buildSettings = {
				ALWAYS_SEARCH_USER_PATHS = NO;
				ASSETCATALOG_COMPILER_GENERATE_SWIFT_ASSET_SYMBOL_EXTENSIONS = YES;
				CLANG_ANALYZER_NONNULL = YES;
				CLANG_ANALYZER_NUMBER_OBJECT_CONVERSION = YES_AGGRESSIVE;
				CLANG_CXX_LANGUAGE_STANDARD = "gnu++20";
				CLANG_ENABLE_MODULES = YES;
				CLANG_ENABLE_OBJC_ARC = YES;
				CLANG_ENABLE_OBJC_WEAK = YES;
				CLANG_WARN_BLOCK_CAPTURE_AUTORELEASING = YES;
				CLANG_WARN_BOOL_CONVERSION = YES;
				CLANG_WARN_COMMA = YES;
				CLANG_WARN_CONSTANT_CONVERSION = YES;
				CLANG_WARN_DEPRECATED_OBJC_IMPLEMENTATIONS = YES;
				CLANG_WARN_DIRECT_OBJC_ISA_USAGE = YES_ERROR;
				CLANG_WARN_DOCUMENTATION_COMMENTS = YES;
				CLANG_WARN_EMPTY_BODY = YES;
				CLANG_WARN_ENUM_CONVERSION = YES;
				CLANG_WARN_INFINITE_RECURSION = YES;
				CLANG_WARN_INT_CONVERSION = YES;
				CLANG_WARN_NON_LITERAL_NULL_CONVERSION = YES;
				CLANG_WARN_OBJC_IMPLICIT_RETAIN_SELF = YES;
				CLANG_WARN_OBJC_LITERAL_CONVERSION = YES;
				CLANG_WARN_OBJC_ROOT_CLASS = YES_ERROR;
				CLANG_WARN_QUOTED_INCLUDE_IN_FRAMEWORK_HEADER = YES;
				CLANG_WARN_RANGE_LOOP_ANALYSIS = YES;
				CLANG_WARN_STRICT_PROTOTYPES = YES;
				CLANG_WARN_SUSPICIOUS_MOVE = YES;
				CLANG_WARN_UNGUARDED_AVAILABILITY = YES_AGGRESSIVE;
				CLANG_WARN_UNREACHABLE_CODE = YES;
				CLANG_WARN__DUPLICATE_METHOD_MATCH = YES;
				COPY_PHASE_STRIP = NO;
				DEBUG_INFORMATION_FORMAT = "dwarf-with-dsym";
				ENABLE_NS_ASSERTIONS = NO;
				ENABLE_STRICT_OBJC_MSGSEND = YES;
				ENABLE_USER_SCRIPT_SANDBOXING = YES;
				GCC_C_LANGUAGE_STANDARD = gnu17;
				GCC_NO_COMMON_BLOCKS = YES;
				GCC_WARN_64_TO_32_BIT_CONVERSION = YES;
				GCC_WARN_ABOUT_RETURN_TYPE = YES_ERROR;
				GCC_WARN_UNDECLARED_SELECTOR = YES;
				GCC_WARN_UNINITIALIZED_AUTOS = YES_AGGRESSIVE;
				GCC_WARN_UNUSED_FUNCTION = YES;
				GCC_WARN_UNUSED_VARIABLE = YES;
				IPHONEOS_DEPLOYMENT_TARGET = 17.2;
				LOCALIZATION_PREFERS_STRING_CATALOGS = YES;
				MTL_ENABLE_DEBUG_INFO = NO;
				MTL_FAST_MATH = YES;
				SDKROOT = iphoneos;
				SWIFT_COMPILATION_MODE = wholemodule;
				VALIDATE_PRODUCT = YES;
			};
			name = Release;
		};
		76BA2A762BE0162B0038E2AD /* Debug */ = {
			isa = XCBuildConfiguration;
			buildSettings = {
				ASSETCATALOG_COMPILER_APPICON_NAME = AppIcon;
				ASSETCATALOG_COMPILER_GLOBAL_ACCENT_COLOR_NAME = AccentColor;
				CODE_SIGN_STYLE = Automatic;
				CURRENT_PROJECT_VERSION = 1;
				DEVELOPMENT_ASSET_PATHS = "\"PlanTio/Preview Content\"";
				DEVELOPMENT_TEAM = 67AYPRFZH8;
				ENABLE_PREVIEWS = YES;
				GENERATE_INFOPLIST_FILE = YES;
				INFOPLIST_FILE = PlanTio/Info.plist;
				INFOPLIST_KEY_NSCameraUsageDescription = "Permitir uso da camera para poder tirar foto da planta?";
				INFOPLIST_KEY_NSPhotoLibraryUsageDescription = "Permitir acesso a galeria para escolher uma imagem para a planta ?";
				INFOPLIST_KEY_UIApplicationSceneManifest_Generation = YES;
				INFOPLIST_KEY_UIApplicationSupportsIndirectInputEvents = YES;
				INFOPLIST_KEY_UILaunchScreen_Generation = YES;
				INFOPLIST_KEY_UISupportedInterfaceOrientations_iPad = "UIInterfaceOrientationPortrait UIInterfaceOrientationPortraitUpsideDown UIInterfaceOrientationLandscapeLeft UIInterfaceOrientationLandscapeRight";
				INFOPLIST_KEY_UISupportedInterfaceOrientations_iPhone = "UIInterfaceOrientationPortrait UIInterfaceOrientationLandscapeLeft UIInterfaceOrientationLandscapeRight";
				LD_RUNPATH_SEARCH_PATHS = (
					"$(inherited)",
					"@executable_path/Frameworks",
				);
				MARKETING_VERSION = 1.0;
				PRODUCT_BUNDLE_IDENTIFIER = challenge2.PlanTio;
				PRODUCT_NAME = "$(TARGET_NAME)";
				SWIFT_EMIT_LOC_STRINGS = YES;
				SWIFT_VERSION = 5.0;
				TARGETED_DEVICE_FAMILY = "1,2";
			};
			name = Debug;
		};
		76BA2A772BE0162B0038E2AD /* Release */ = {
			isa = XCBuildConfiguration;
			buildSettings = {
				ASSETCATALOG_COMPILER_APPICON_NAME = AppIcon;
				ASSETCATALOG_COMPILER_GLOBAL_ACCENT_COLOR_NAME = AccentColor;
				CODE_SIGN_STYLE = Automatic;
				CURRENT_PROJECT_VERSION = 1;
				DEVELOPMENT_ASSET_PATHS = "\"PlanTio/Preview Content\"";
				DEVELOPMENT_TEAM = 67AYPRFZH8;
				ENABLE_PREVIEWS = YES;
				GENERATE_INFOPLIST_FILE = YES;
				INFOPLIST_FILE = PlanTio/Info.plist;
				INFOPLIST_KEY_NSCameraUsageDescription = "Permitir uso da camera para poder tirar foto da planta?";
				INFOPLIST_KEY_NSPhotoLibraryUsageDescription = "Permitir acesso a galeria para escolher uma imagem para a planta ?";
				INFOPLIST_KEY_UIApplicationSceneManifest_Generation = YES;
				INFOPLIST_KEY_UIApplicationSupportsIndirectInputEvents = YES;
				INFOPLIST_KEY_UILaunchScreen_Generation = YES;
				INFOPLIST_KEY_UISupportedInterfaceOrientations_iPad = "UIInterfaceOrientationPortrait UIInterfaceOrientationPortraitUpsideDown UIInterfaceOrientationLandscapeLeft UIInterfaceOrientationLandscapeRight";
				INFOPLIST_KEY_UISupportedInterfaceOrientations_iPhone = "UIInterfaceOrientationPortrait UIInterfaceOrientationLandscapeLeft UIInterfaceOrientationLandscapeRight";
				LD_RUNPATH_SEARCH_PATHS = (
					"$(inherited)",
					"@executable_path/Frameworks",
				);
				MARKETING_VERSION = 1.0;
				PRODUCT_BUNDLE_IDENTIFIER = challenge2.PlanTio;
				PRODUCT_NAME = "$(TARGET_NAME)";
				SWIFT_EMIT_LOC_STRINGS = YES;
				SWIFT_VERSION = 5.0;
				TARGETED_DEVICE_FAMILY = "1,2";
			};
			name = Release;
		};
		76BA2A792BE0162B0038E2AD /* Debug */ = {
			isa = XCBuildConfiguration;
			buildSettings = {
				ALWAYS_EMBED_SWIFT_STANDARD_LIBRARIES = YES;
				BUNDLE_LOADER = "$(TEST_HOST)";
				CODE_SIGN_STYLE = Automatic;
				CURRENT_PROJECT_VERSION = 1;
				DEVELOPMENT_TEAM = 67AYPRFZH8;
				GENERATE_INFOPLIST_FILE = YES;
				IPHONEOS_DEPLOYMENT_TARGET = 17.2;
				MARKETING_VERSION = 1.0;
				PRODUCT_BUNDLE_IDENTIFIER = challenge2.PlanTioTests;
				PRODUCT_NAME = "$(TARGET_NAME)";
				SWIFT_EMIT_LOC_STRINGS = NO;
				SWIFT_VERSION = 5.0;
				TARGETED_DEVICE_FAMILY = "1,2";
				TEST_HOST = "$(BUILT_PRODUCTS_DIR)/PlanTio.app/$(BUNDLE_EXECUTABLE_FOLDER_PATH)/PlanTio";
			};
			name = Debug;
		};
		76BA2A7A2BE0162B0038E2AD /* Release */ = {
			isa = XCBuildConfiguration;
			buildSettings = {
				ALWAYS_EMBED_SWIFT_STANDARD_LIBRARIES = YES;
				BUNDLE_LOADER = "$(TEST_HOST)";
				CODE_SIGN_STYLE = Automatic;
				CURRENT_PROJECT_VERSION = 1;
				DEVELOPMENT_TEAM = 67AYPRFZH8;
				GENERATE_INFOPLIST_FILE = YES;
				IPHONEOS_DEPLOYMENT_TARGET = 17.2;
				MARKETING_VERSION = 1.0;
				PRODUCT_BUNDLE_IDENTIFIER = challenge2.PlanTioTests;
				PRODUCT_NAME = "$(TARGET_NAME)";
				SWIFT_EMIT_LOC_STRINGS = NO;
				SWIFT_VERSION = 5.0;
				TARGETED_DEVICE_FAMILY = "1,2";
				TEST_HOST = "$(BUILT_PRODUCTS_DIR)/PlanTio.app/$(BUNDLE_EXECUTABLE_FOLDER_PATH)/PlanTio";
			};
			name = Release;
		};
		76BA2A7C2BE0162B0038E2AD /* Debug */ = {
			isa = XCBuildConfiguration;
			buildSettings = {
				ALWAYS_EMBED_SWIFT_STANDARD_LIBRARIES = YES;
				CODE_SIGN_STYLE = Automatic;
				CURRENT_PROJECT_VERSION = 1;
				DEVELOPMENT_TEAM = 67AYPRFZH8;
				GENERATE_INFOPLIST_FILE = YES;
				MARKETING_VERSION = 1.0;
				PRODUCT_BUNDLE_IDENTIFIER = challenge2.PlanTioUITests;
				PRODUCT_NAME = "$(TARGET_NAME)";
				SWIFT_EMIT_LOC_STRINGS = NO;
				SWIFT_VERSION = 5.0;
				TARGETED_DEVICE_FAMILY = "1,2";
				TEST_TARGET_NAME = PlanTio;
			};
			name = Debug;
		};
		76BA2A7D2BE0162B0038E2AD /* Release */ = {
			isa = XCBuildConfiguration;
			buildSettings = {
				ALWAYS_EMBED_SWIFT_STANDARD_LIBRARIES = YES;
				CODE_SIGN_STYLE = Automatic;
				CURRENT_PROJECT_VERSION = 1;
				DEVELOPMENT_TEAM = 67AYPRFZH8;
				GENERATE_INFOPLIST_FILE = YES;
				MARKETING_VERSION = 1.0;
				PRODUCT_BUNDLE_IDENTIFIER = challenge2.PlanTioUITests;
				PRODUCT_NAME = "$(TARGET_NAME)";
				SWIFT_EMIT_LOC_STRINGS = NO;
				SWIFT_VERSION = 5.0;
				TARGETED_DEVICE_FAMILY = "1,2";
				TEST_TARGET_NAME = PlanTio;
			};
			name = Release;
		};
/* End XCBuildConfiguration section */

/* Begin XCConfigurationList section */
		76BA2A4C2BE0162A0038E2AD /* Build configuration list for PBXProject "PlanTio" */ = {
			isa = XCConfigurationList;
			buildConfigurations = (
				76BA2A732BE0162B0038E2AD /* Debug */,
				76BA2A742BE0162B0038E2AD /* Release */,
			);
			defaultConfigurationIsVisible = 0;
			defaultConfigurationName = Release;
		};
		76BA2A752BE0162B0038E2AD /* Build configuration list for PBXNativeTarget "PlanTio" */ = {
			isa = XCConfigurationList;
			buildConfigurations = (
				76BA2A762BE0162B0038E2AD /* Debug */,
				76BA2A772BE0162B0038E2AD /* Release */,
			);
			defaultConfigurationIsVisible = 0;
			defaultConfigurationName = Release;
		};
		76BA2A782BE0162B0038E2AD /* Build configuration list for PBXNativeTarget "PlanTioTests" */ = {
			isa = XCConfigurationList;
			buildConfigurations = (
				76BA2A792BE0162B0038E2AD /* Debug */,
				76BA2A7A2BE0162B0038E2AD /* Release */,
			);
			defaultConfigurationIsVisible = 0;
			defaultConfigurationName = Release;
		};
		76BA2A7B2BE0162B0038E2AD /* Build configuration list for PBXNativeTarget "PlanTioUITests" */ = {
			isa = XCConfigurationList;
			buildConfigurations = (
				76BA2A7C2BE0162B0038E2AD /* Debug */,
				76BA2A7D2BE0162B0038E2AD /* Release */,
			);
			defaultConfigurationIsVisible = 0;
			defaultConfigurationName = Release;
		};
/* End XCConfigurationList section */

/* Begin XCRemoteSwiftPackageReference section */
		2EF02FE82BE042220023247F /* XCRemoteSwiftPackageReference "VMNotificationHandler" */ = {
			isa = XCRemoteSwiftPackageReference;
			repositoryURL = "https://github.com/Visckmart/VMNotificationHandler.git";
			requirement = {
				kind = upToNextMajorVersion;
				minimumVersion = 1.2.0;
			};
		};
/* End XCRemoteSwiftPackageReference section */

/* Begin XCSwiftPackageProductDependency section */
		2EF02FE92BE042220023247F /* VMNotificationHandler */ = {
			isa = XCSwiftPackageProductDependency;
			package = 2EF02FE82BE042220023247F /* XCRemoteSwiftPackageReference "VMNotificationHandler" */;
			productName = VMNotificationHandler;
		};
/* End XCSwiftPackageProductDependency section */
	};
	rootObject = 76BA2A492BE0162A0038E2AD /* Project object */;
}
