// !$*UTF8*$!
{
	archiveVersion = 1;
	classes = {
	};
	objectVersion = 56;
	objects = {

/* Begin PBXBuildFile section */
		072CA12F2BEAC3150085CB94 /* SwiftUIView.swift in Sources */ = {isa = PBXBuildFile; fileRef = 072CA12E2BEAC3150085CB94 /* SwiftUIView.swift */; };
		072CA1342BEC28CC0085CB94 /* CustomContentUnavailableView.swift in Sources */ = {isa = PBXBuildFile; fileRef = 072CA1332BEC28CC0085CB94 /* CustomContentUnavailableView.swift */; };
		0738DF612C0E3DF400E39A3F /* WidgetKit.framework in Frameworks */ = {isa = PBXBuildFile; fileRef = 07C14B602C07C2C400931DAE /* WidgetKit.framework */; };
		0738DF622C0E3DF400E39A3F /* SwiftUI.framework in Frameworks */ = {isa = PBXBuildFile; fileRef = 07C14B622C07C2C400931DAE /* SwiftUI.framework */; };
		0738DF652C0E3DF400E39A3F /* HanaWidgetBundle.swift in Sources */ = {isa = PBXBuildFile; fileRef = 0738DF642C0E3DF400E39A3F /* HanaWidgetBundle.swift */; };
		0738DF672C0E3DF400E39A3F /* HanaWidget.swift in Sources */ = {isa = PBXBuildFile; fileRef = 0738DF662C0E3DF400E39A3F /* HanaWidget.swift */; };
		0738DF692C0E3DF500E39A3F /* Assets.xcassets in Resources */ = {isa = PBXBuildFile; fileRef = 0738DF682C0E3DF500E39A3F /* Assets.xcassets */; };
		0738DF6D2C0E3DF500E39A3F /* HanaWidgetExtension.appex in Embed Foundation Extensions */ = {isa = PBXBuildFile; fileRef = 0738DF602C0E3DF400E39A3F /* HanaWidgetExtension.appex */; settings = {ATTRIBUTES = (RemoveHeadersOnCopy, ); }; };
		0738DF712C0E471800E39A3F /* Quicksand-VariableFont_wght.ttf in Resources */ = {isa = PBXBuildFile; fileRef = 7654490C2BFD0E050089F7F3 /* Quicksand-VariableFont_wght.ttf */; };
		0738DF722C10DCB200E39A3F /* HanaWidget.swift in Sources */ = {isa = PBXBuildFile; fileRef = 0738DF662C0E3DF400E39A3F /* HanaWidget.swift */; };
		0738DF892C10E70100E39A3F /* UpgradeView.swift in Sources */ = {isa = PBXBuildFile; fileRef = 0738DF882C10E70100E39A3F /* UpgradeView.swift */; };
		07C14B592C07C14D00931DAE /* WidgetPlantView.swift in Sources */ = {isa = PBXBuildFile; fileRef = 07C14B582C07C14D00931DAE /* WidgetPlantView.swift */; };
		2E68C0A32BFD12BE0002B3B4 /* PostHog in Frameworks */ = {isa = PBXBuildFile; productRef = 2E68C0A22BFD12BE0002B3B4 /* PostHog */; };
		2E68C0A72C0E63540002B3B4 /* Store.swift in Sources */ = {isa = PBXBuildFile; fileRef = 2E68C0A62C0E63540002B3B4 /* Store.swift */; };
		2E68C0AD2C0EDD2E0002B3B4 /* LimitReachedView.swift in Sources */ = {isa = PBXBuildFile; fileRef = 2E68C0AC2C0EDD2E0002B3B4 /* LimitReachedView.swift */; };
		2EF02FEA2BE042220023247F /* VMNotificationHandler in Frameworks */ = {isa = PBXBuildFile; productRef = 2EF02FE92BE042220023247F /* VMNotificationHandler */; };
		762189A92BF54E8800C80C62 /* ListPlantCard.swift in Sources */ = {isa = PBXBuildFile; fileRef = 762189A82BF54E8800C80C62 /* ListPlantCard.swift */; };
		7654490D2BFD0E050089F7F3 /* Quicksand-VariableFont_wght.ttf in Resources */ = {isa = PBXBuildFile; fileRef = 7654490C2BFD0E050089F7F3 /* Quicksand-VariableFont_wght.ttf */; };
		7654490E2BFD0E050089F7F3 /* Quicksand-VariableFont_wght.ttf in Resources */ = {isa = PBXBuildFile; fileRef = 7654490C2BFD0E050089F7F3 /* Quicksand-VariableFont_wght.ttf */; };
		7654490F2BFD0E050089F7F3 /* Quicksand-VariableFont_wght.ttf in Resources */ = {isa = PBXBuildFile; fileRef = 7654490C2BFD0E050089F7F3 /* Quicksand-VariableFont_wght.ttf */; };
		769580D12BEC10D800FDB377 /* InfoPlant.swift in Sources */ = {isa = PBXBuildFile; fileRef = 769580D02BEC10D800FDB377 /* InfoPlant.swift */; };
		769580D32BEC111C00FDB377 /* InfoPlants.json in Resources */ = {isa = PBXBuildFile; fileRef = 769580D22BEC111C00FDB377 /* InfoPlants.json */; };
		769580D72BF2803C00FDB377 /* CareInfos.swift in Sources */ = {isa = PBXBuildFile; fileRef = 769580D62BF2803C00FDB377 /* CareInfos.swift */; };
		769580D92BF2805D00FDB377 /* IdealAndToleratedLight.swift in Sources */ = {isa = PBXBuildFile; fileRef = 769580D82BF2805D00FDB377 /* IdealAndToleratedLight.swift */; };
		769580DB2BF2806A00FDB377 /* FrameImage.swift in Sources */ = {isa = PBXBuildFile; fileRef = 769580DA2BF2806A00FDB377 /* FrameImage.swift */; };
		769580E62BF3E84500FDB377 /* ReminderCard.swift in Sources */ = {isa = PBXBuildFile; fileRef = 769580E52BF3E84500FDB377 /* ReminderCard.swift */; };
		76BA2A552BE0162A0038E2AD /* PlanTioApp.swift in Sources */ = {isa = PBXBuildFile; fileRef = 76BA2A542BE0162A0038E2AD /* PlanTioApp.swift */; };
		76BA2A572BE0162A0038E2AD /* ContentView.swift in Sources */ = {isa = PBXBuildFile; fileRef = 76BA2A562BE0162A0038E2AD /* ContentView.swift */; };
		76BA2A592BE0162B0038E2AD /* Assets.xcassets in Resources */ = {isa = PBXBuildFile; fileRef = 76BA2A582BE0162B0038E2AD /* Assets.xcassets */; };
		76BA2A5C2BE0162B0038E2AD /* Preview Assets.xcassets in Resources */ = {isa = PBXBuildFile; fileRef = 76BA2A5B2BE0162B0038E2AD /* Preview Assets.xcassets */; };
		76BA2A662BE0162B0038E2AD /* PlanTioTests.swift in Sources */ = {isa = PBXBuildFile; fileRef = 76BA2A652BE0162B0038E2AD /* PlanTioTests.swift */; };
		76BA2A702BE0162B0038E2AD /* PlanTioUITests.swift in Sources */ = {isa = PBXBuildFile; fileRef = 76BA2A6F2BE0162B0038E2AD /* PlanTioUITests.swift */; };
		76BA2A722BE0162B0038E2AD /* PlanTioUITestsLaunchTests.swift in Sources */ = {isa = PBXBuildFile; fileRef = 76BA2A712BE0162B0038E2AD /* PlanTioUITestsLaunchTests.swift */; };
		76BA2A7F2BE016720038E2AD /* TabBarView.swift in Sources */ = {isa = PBXBuildFile; fileRef = 76BA2A7E2BE016720038E2AD /* TabBarView.swift */; };
		76BA2A812BE01B230038E2AD /* AddPlantView.swift in Sources */ = {isa = PBXBuildFile; fileRef = 76BA2A802BE01B230038E2AD /* AddPlantView.swift */; };
		76BA2A832BE01B490038E2AD /* PlantViewModel.swift in Sources */ = {isa = PBXBuildFile; fileRef = 76BA2A822BE01B490038E2AD /* PlantViewModel.swift */; };
		76BA2A852BE01B5F0038E2AD /* Plant.swift in Sources */ = {isa = PBXBuildFile; fileRef = 76BA2A842BE01B5F0038E2AD /* Plant.swift */; };
		76BA2A872BE01B770038E2AD /* DateFormatter.swift in Sources */ = {isa = PBXBuildFile; fileRef = 76BA2A862BE01B770038E2AD /* DateFormatter.swift */; };
		76BA2A892BE01BDE0038E2AD /* PlantDetailView.swift in Sources */ = {isa = PBXBuildFile; fileRef = 76BA2A882BE01BDE0038E2AD /* PlantDetailView.swift */; };
		76BA2A8B2BE01C100038E2AD /* WateringView.swift in Sources */ = {isa = PBXBuildFile; fileRef = 76BA2A8A2BE01C100038E2AD /* WateringView.swift */; };
		76BA2A8D2BE01C230038E2AD /* SunlightView.swift in Sources */ = {isa = PBXBuildFile; fileRef = 76BA2A8C2BE01C230038E2AD /* SunlightView.swift */; };
		76BA2A8F2BE01C390038E2AD /* AlarmView.swift in Sources */ = {isa = PBXBuildFile; fileRef = 76BA2A8E2BE01C390038E2AD /* AlarmView.swift */; };
		76BA2A992BE16B1A0038E2AD /* ImagePicker.swift in Sources */ = {isa = PBXBuildFile; fileRef = 76BA2A982BE16B1A0038E2AD /* ImagePicker.swift */; };
		76D4FD8F2C078326008E611F /* hana-mix.riv in Resources */ = {isa = PBXBuildFile; fileRef = 76D4FD872C078326008E611F /* hana-mix.riv */; };
		76D4FD902C078326008E611F /* hana.riv in Resources */ = {isa = PBXBuildFile; fileRef = 76D4FD882C078326008E611F /* hana.riv */; };
		76D4FD912C078326008E611F /* hana4.riv in Resources */ = {isa = PBXBuildFile; fileRef = 76D4FD892C078326008E611F /* hana4.riv */; };
		76D4FD922C078326008E611F /* hanasad.riv in Resources */ = {isa = PBXBuildFile; fileRef = 76D4FD8A2C078326008E611F /* hanasad.riv */; };
		76D4FD932C078326008E611F /* hanatry.riv in Resources */ = {isa = PBXBuildFile; fileRef = 76D4FD8B2C078326008E611F /* hanatry.riv */; };
		76D4FD942C078326008E611F /* sad.riv in Resources */ = {isa = PBXBuildFile; fileRef = 76D4FD8C2C078326008E611F /* sad.riv */; };
		76D4FD952C078326008E611F /* Test-longpress.riv in Resources */ = {isa = PBXBuildFile; fileRef = 76D4FD8D2C078326008E611F /* Test-longpress.riv */; };
		76D4FD972C10DF57008E611F /* MaxLimitReachedView.swift in Sources */ = {isa = PBXBuildFile; fileRef = 76D4FD962C10DF57008E611F /* MaxLimitReachedView.swift */; };
		76D4FDC72C10EBF1008E611F /* Mix_Afternoon.riv in Resources */ = {isa = PBXBuildFile; fileRef = 76D4FDBD2C10EBF1008E611F /* Mix_Afternoon.riv */; };
		76D4FDC82C10EBF1008E611F /* Mix_Evening.riv in Resources */ = {isa = PBXBuildFile; fileRef = 76D4FDBE2C10EBF1008E611F /* Mix_Evening.riv */; };
		76D4FDC92C10EBF1008E611F /* Mix_Morning.riv in Resources */ = {isa = PBXBuildFile; fileRef = 76D4FDBF2C10EBF1008E611F /* Mix_Morning.riv */; };
		76D4FDCA2C10EBF1008E611F /* Mix_Night.riv in Resources */ = {isa = PBXBuildFile; fileRef = 76D4FDC02C10EBF1008E611F /* Mix_Night.riv */; };
		76D4FDCB2C10EBF1008E611F /* Sadly_Afternoon.riv in Resources */ = {isa = PBXBuildFile; fileRef = 76D4FDC12C10EBF1008E611F /* Sadly_Afternoon.riv */; };
		76D4FDCC2C10EBF1008E611F /* Sadly_Evening.riv in Resources */ = {isa = PBXBuildFile; fileRef = 76D4FDC22C10EBF1008E611F /* Sadly_Evening.riv */; };
		76D4FDCD2C10EBF1008E611F /* Sadly_Morning.riv in Resources */ = {isa = PBXBuildFile; fileRef = 76D4FDC32C10EBF1008E611F /* Sadly_Morning.riv */; };
		76D4FDCE2C10EBF1008E611F /* Sadly_Night in Resources */ = {isa = PBXBuildFile; fileRef = 76D4FDC42C10EBF1008E611F /* Sadly_Night */; };
		76D4FDCF2C10EBF1008E611F /* Sadly_Night.riv in Resources */ = {isa = PBXBuildFile; fileRef = 76D4FDC52C10EBF1008E611F /* Sadly_Night.riv */; };
		76D4FDD22C11F17A008E611F /* Opening.riv in Resources */ = {isa = PBXBuildFile; fileRef = 76D4FDD02C11F17A008E611F /* Opening.riv */; };
		76D4FDD42C11F313008E611F /* StoreKit.framework in Frameworks */ = {isa = PBXBuildFile; fileRef = 76D4FDD32C11F313008E611F /* StoreKit.framework */; };
		BB715CBD2BEE6300005481A7 /* Extensions.swift in Sources */ = {isa = PBXBuildFile; fileRef = BB715CBC2BEE6300005481A7 /* Extensions.swift */; };
		C4A47CA42C052B4F004D6FB8 /* RiveRuntime in Frameworks */ = {isa = PBXBuildFile; productRef = C4A47CA32C052B4F004D6FB8 /* RiveRuntime */; };
		C4A47CBD2C0620DA004D6FB8 /* RiveAnimationView.swift in Sources */ = {isa = PBXBuildFile; fileRef = C4A47CBC2C0620DA004D6FB8 /* RiveAnimationView.swift */; };
		C4FD0CCD2C110623002CF955 /* SplashArt.swift in Sources */ = {isa = PBXBuildFile; fileRef = C4FD0CCC2C110623002CF955 /* SplashArt.swift */; };
/* End PBXBuildFile section */

/* Begin PBXContainerItemProxy section */
		0738DF6B2C0E3DF500E39A3F /* PBXContainerItemProxy */ = {
			isa = PBXContainerItemProxy;
			containerPortal = 76BA2A492BE0162A0038E2AD /* Project object */;
			proxyType = 1;
			remoteGlobalIDString = 0738DF5F2C0E3DF400E39A3F;
			remoteInfo = HanaWidgetExtension;
		};
		76BA2A622BE0162B0038E2AD /* PBXContainerItemProxy */ = {
			isa = PBXContainerItemProxy;
			containerPortal = 76BA2A492BE0162A0038E2AD /* Project object */;
			proxyType = 1;
			remoteGlobalIDString = 76BA2A502BE0162A0038E2AD;
			remoteInfo = PlanTio;
		};
		76BA2A6C2BE0162B0038E2AD /* PBXContainerItemProxy */ = {
			isa = PBXContainerItemProxy;
			containerPortal = 76BA2A492BE0162A0038E2AD /* Project object */;
			proxyType = 1;
			remoteGlobalIDString = 76BA2A502BE0162A0038E2AD;
			remoteInfo = PlanTio;
		};
/* End PBXContainerItemProxy section */

/* Begin PBXCopyFilesBuildPhase section */
		07C14B732C07C2C600931DAE /* Embed Foundation Extensions */ = {
			isa = PBXCopyFilesBuildPhase;
			buildActionMask = 8;
			dstPath = "";
			dstSubfolderSpec = 13;
			files = (
				0738DF6D2C0E3DF500E39A3F /* HanaWidgetExtension.appex in Embed Foundation Extensions */,
			);
			name = "Embed Foundation Extensions";
			runOnlyForDeploymentPostprocessing = 1;
		};
/* End PBXCopyFilesBuildPhase section */

/* Begin PBXFileReference section */
		072CA12E2BEAC3150085CB94 /* SwiftUIView.swift */ = {isa = PBXFileReference; lastKnownFileType = sourcecode.swift; path = SwiftUIView.swift; sourceTree = "<group>"; };
		072CA1332BEC28CC0085CB94 /* CustomContentUnavailableView.swift */ = {isa = PBXFileReference; lastKnownFileType = sourcecode.swift; path = CustomContentUnavailableView.swift; sourceTree = "<group>"; };
		072CA1352BEEA64C0085CB94 /* CardsReminders.swift */ = {isa = PBXFileReference; lastKnownFileType = sourcecode.swift; path = CardsReminders.swift; sourceTree = "<group>"; };
		0738DF602C0E3DF400E39A3F /* HanaWidgetExtension.appex */ = {isa = PBXFileReference; explicitFileType = "wrapper.app-extension"; includeInIndex = 0; path = HanaWidgetExtension.appex; sourceTree = BUILT_PRODUCTS_DIR; };
		0738DF642C0E3DF400E39A3F /* HanaWidgetBundle.swift */ = {isa = PBXFileReference; lastKnownFileType = sourcecode.swift; path = HanaWidgetBundle.swift; sourceTree = "<group>"; };
		0738DF662C0E3DF400E39A3F /* HanaWidget.swift */ = {isa = PBXFileReference; lastKnownFileType = sourcecode.swift; path = HanaWidget.swift; sourceTree = "<group>"; };
		0738DF682C0E3DF500E39A3F /* Assets.xcassets */ = {isa = PBXFileReference; lastKnownFileType = folder.assetcatalog; path = Assets.xcassets; sourceTree = "<group>"; };
		0738DF6A2C0E3DF500E39A3F /* Info.plist */ = {isa = PBXFileReference; lastKnownFileType = text.plist.xml; path = Info.plist; sourceTree = "<group>"; };
		0738DF882C10E70100E39A3F /* UpgradeView.swift */ = {isa = PBXFileReference; lastKnownFileType = sourcecode.swift; path = UpgradeView.swift; sourceTree = "<group>"; };
		07C14B582C07C14D00931DAE /* WidgetPlantView.swift */ = {isa = PBXFileReference; fileEncoding = 4; lastKnownFileType = sourcecode.swift; path = WidgetPlantView.swift; sourceTree = "<group>"; };
		07C14B602C07C2C400931DAE /* WidgetKit.framework */ = {isa = PBXFileReference; lastKnownFileType = wrapper.framework; name = WidgetKit.framework; path = System/Library/Frameworks/WidgetKit.framework; sourceTree = SDKROOT; };
		07C14B622C07C2C400931DAE /* SwiftUI.framework */ = {isa = PBXFileReference; lastKnownFileType = wrapper.framework; name = SwiftUI.framework; path = System/Library/Frameworks/SwiftUI.framework; sourceTree = SDKROOT; };
		07C14B782C07C41900931DAE /* HanaWidgetExtension.entitlements */ = {isa = PBXFileReference; lastKnownFileType = text.plist.entitlements; path = HanaWidgetExtension.entitlements; sourceTree = "<group>"; };
		2E68C0A62C0E63540002B3B4 /* Store.swift */ = {isa = PBXFileReference; lastKnownFileType = sourcecode.swift; path = Store.swift; sourceTree = "<group>"; };
		2E68C0AC2C0EDD2E0002B3B4 /* LimitReachedView.swift */ = {isa = PBXFileReference; lastKnownFileType = sourcecode.swift; path = LimitReachedView.swift; sourceTree = "<group>"; };
		2EF02FEB2BE16CF80023247F /* Info.plist */ = {isa = PBXFileReference; lastKnownFileType = text.plist; path = Info.plist; sourceTree = "<group>"; };
		762189A82BF54E8800C80C62 /* ListPlantCard.swift */ = {isa = PBXFileReference; lastKnownFileType = sourcecode.swift; path = ListPlantCard.swift; sourceTree = "<group>"; };
		7654490C2BFD0E050089F7F3 /* Quicksand-VariableFont_wght.ttf */ = {isa = PBXFileReference; lastKnownFileType = file; path = "Quicksand-VariableFont_wght.ttf"; sourceTree = "<group>"; };
		769580D02BEC10D800FDB377 /* InfoPlant.swift */ = {isa = PBXFileReference; lastKnownFileType = sourcecode.swift; path = InfoPlant.swift; sourceTree = "<group>"; };
		769580D22BEC111C00FDB377 /* InfoPlants.json */ = {isa = PBXFileReference; lastKnownFileType = text.json; path = InfoPlants.json; sourceTree = "<group>"; };
		769580D62BF2803C00FDB377 /* CareInfos.swift */ = {isa = PBXFileReference; lastKnownFileType = sourcecode.swift; path = CareInfos.swift; sourceTree = "<group>"; };
		769580D82BF2805D00FDB377 /* IdealAndToleratedLight.swift */ = {isa = PBXFileReference; lastKnownFileType = sourcecode.swift; path = IdealAndToleratedLight.swift; sourceTree = "<group>"; };
		769580DA2BF2806A00FDB377 /* FrameImage.swift */ = {isa = PBXFileReference; lastKnownFileType = sourcecode.swift; path = FrameImage.swift; sourceTree = "<group>"; };
		769580E52BF3E84500FDB377 /* ReminderCard.swift */ = {isa = PBXFileReference; lastKnownFileType = sourcecode.swift; path = ReminderCard.swift; sourceTree = "<group>"; };
		76BA2A512BE0162A0038E2AD /* PlanTio.app */ = {isa = PBXFileReference; explicitFileType = wrapper.application; includeInIndex = 0; path = PlanTio.app; sourceTree = BUILT_PRODUCTS_DIR; };
		76BA2A542BE0162A0038E2AD /* PlanTioApp.swift */ = {isa = PBXFileReference; lastKnownFileType = sourcecode.swift; path = PlanTioApp.swift; sourceTree = "<group>"; };
		76BA2A562BE0162A0038E2AD /* ContentView.swift */ = {isa = PBXFileReference; lastKnownFileType = sourcecode.swift; path = ContentView.swift; sourceTree = "<group>"; };
		76BA2A582BE0162B0038E2AD /* Assets.xcassets */ = {isa = PBXFileReference; lastKnownFileType = folder.assetcatalog; path = Assets.xcassets; sourceTree = "<group>"; };
		76BA2A5B2BE0162B0038E2AD /* Preview Assets.xcassets */ = {isa = PBXFileReference; lastKnownFileType = folder.assetcatalog; path = "Preview Assets.xcassets"; sourceTree = "<group>"; };
		76BA2A612BE0162B0038E2AD /* PlanTioTests.xctest */ = {isa = PBXFileReference; explicitFileType = wrapper.cfbundle; includeInIndex = 0; path = PlanTioTests.xctest; sourceTree = BUILT_PRODUCTS_DIR; };
		76BA2A652BE0162B0038E2AD /* PlanTioTests.swift */ = {isa = PBXFileReference; lastKnownFileType = sourcecode.swift; path = PlanTioTests.swift; sourceTree = "<group>"; };
		76BA2A6B2BE0162B0038E2AD /* PlanTioUITests.xctest */ = {isa = PBXFileReference; explicitFileType = wrapper.cfbundle; includeInIndex = 0; path = PlanTioUITests.xctest; sourceTree = BUILT_PRODUCTS_DIR; };
		76BA2A6F2BE0162B0038E2AD /* PlanTioUITests.swift */ = {isa = PBXFileReference; lastKnownFileType = sourcecode.swift; path = PlanTioUITests.swift; sourceTree = "<group>"; };
		76BA2A712BE0162B0038E2AD /* PlanTioUITestsLaunchTests.swift */ = {isa = PBXFileReference; lastKnownFileType = sourcecode.swift; path = PlanTioUITestsLaunchTests.swift; sourceTree = "<group>"; };
		76BA2A7E2BE016720038E2AD /* TabBarView.swift */ = {isa = PBXFileReference; lastKnownFileType = sourcecode.swift; path = TabBarView.swift; sourceTree = "<group>"; };
		76BA2A802BE01B230038E2AD /* AddPlantView.swift */ = {isa = PBXFileReference; lastKnownFileType = sourcecode.swift; path = AddPlantView.swift; sourceTree = "<group>"; };
		76BA2A822BE01B490038E2AD /* PlantViewModel.swift */ = {isa = PBXFileReference; lastKnownFileType = sourcecode.swift; path = PlantViewModel.swift; sourceTree = "<group>"; };
		76BA2A842BE01B5F0038E2AD /* Plant.swift */ = {isa = PBXFileReference; lastKnownFileType = sourcecode.swift; path = Plant.swift; sourceTree = "<group>"; };
		76BA2A862BE01B770038E2AD /* DateFormatter.swift */ = {isa = PBXFileReference; lastKnownFileType = sourcecode.swift; path = DateFormatter.swift; sourceTree = "<group>"; };
		76BA2A882BE01BDE0038E2AD /* PlantDetailView.swift */ = {isa = PBXFileReference; lastKnownFileType = sourcecode.swift; path = PlantDetailView.swift; sourceTree = "<group>"; };
		76BA2A8A2BE01C100038E2AD /* WateringView.swift */ = {isa = PBXFileReference; lastKnownFileType = sourcecode.swift; path = WateringView.swift; sourceTree = "<group>"; };
		76BA2A8C2BE01C230038E2AD /* SunlightView.swift */ = {isa = PBXFileReference; lastKnownFileType = sourcecode.swift; path = SunlightView.swift; sourceTree = "<group>"; };
		76BA2A8E2BE01C390038E2AD /* AlarmView.swift */ = {isa = PBXFileReference; lastKnownFileType = sourcecode.swift; path = AlarmView.swift; sourceTree = "<group>"; };
		76BA2A982BE16B1A0038E2AD /* ImagePicker.swift */ = {isa = PBXFileReference; lastKnownFileType = sourcecode.swift; path = ImagePicker.swift; sourceTree = "<group>"; };
		76D4FD872C078326008E611F /* hana-mix.riv */ = {isa = PBXFileReference; lastKnownFileType = file; path = "hana-mix.riv"; sourceTree = "<group>"; };
		76D4FD882C078326008E611F /* hana.riv */ = {isa = PBXFileReference; lastKnownFileType = file; path = hana.riv; sourceTree = "<group>"; };
		76D4FD892C078326008E611F /* hana4.riv */ = {isa = PBXFileReference; lastKnownFileType = file; path = hana4.riv; sourceTree = "<group>"; };
		76D4FD8A2C078326008E611F /* hanasad.riv */ = {isa = PBXFileReference; lastKnownFileType = file; path = hanasad.riv; sourceTree = "<group>"; };
		76D4FD8B2C078326008E611F /* hanatry.riv */ = {isa = PBXFileReference; lastKnownFileType = file; path = hanatry.riv; sourceTree = "<group>"; };
		76D4FD8C2C078326008E611F /* sad.riv */ = {isa = PBXFileReference; lastKnownFileType = file; path = sad.riv; sourceTree = "<group>"; };
		76D4FD8D2C078326008E611F /* Test-longpress.riv */ = {isa = PBXFileReference; lastKnownFileType = file; path = "Test-longpress.riv"; sourceTree = "<group>"; };
		76D4FD962C10DF57008E611F /* MaxLimitReachedView.swift */ = {isa = PBXFileReference; lastKnownFileType = sourcecode.swift; path = MaxLimitReachedView.swift; sourceTree = "<group>"; };
		76D4FDBD2C10EBF1008E611F /* Mix_Afternoon.riv */ = {isa = PBXFileReference; lastKnownFileType = file; path = Mix_Afternoon.riv; sourceTree = "<group>"; };
		76D4FDBE2C10EBF1008E611F /* Mix_Evening.riv */ = {isa = PBXFileReference; lastKnownFileType = file; path = Mix_Evening.riv; sourceTree = "<group>"; };
		76D4FDBF2C10EBF1008E611F /* Mix_Morning.riv */ = {isa = PBXFileReference; lastKnownFileType = file; path = Mix_Morning.riv; sourceTree = "<group>"; };
		76D4FDC02C10EBF1008E611F /* Mix_Night.riv */ = {isa = PBXFileReference; lastKnownFileType = file; path = Mix_Night.riv; sourceTree = "<group>"; };
		76D4FDC12C10EBF1008E611F /* Sadly_Afternoon.riv */ = {isa = PBXFileReference; lastKnownFileType = file; path = Sadly_Afternoon.riv; sourceTree = "<group>"; };
		76D4FDC22C10EBF1008E611F /* Sadly_Evening.riv */ = {isa = PBXFileReference; lastKnownFileType = file; path = Sadly_Evening.riv; sourceTree = "<group>"; };
		76D4FDC32C10EBF1008E611F /* Sadly_Morning.riv */ = {isa = PBXFileReference; lastKnownFileType = file; path = Sadly_Morning.riv; sourceTree = "<group>"; };
		76D4FDC42C10EBF1008E611F /* Sadly_Night */ = {isa = PBXFileReference; lastKnownFileType = file; path = Sadly_Night; sourceTree = "<group>"; };
		76D4FDC52C10EBF1008E611F /* Sadly_Night.riv */ = {isa = PBXFileReference; lastKnownFileType = file; path = Sadly_Night.riv; sourceTree = "<group>"; };
		76D4FDD02C11F17A008E611F /* Opening.riv */ = {isa = PBXFileReference; lastKnownFileType = file; path = Opening.riv; sourceTree = "<group>"; };
		76D4FDD32C11F313008E611F /* StoreKit.framework */ = {isa = PBXFileReference; lastKnownFileType = wrapper.framework; name = StoreKit.framework; path = System/Library/Frameworks/StoreKit.framework; sourceTree = SDKROOT; };
		BB715CBC2BEE6300005481A7 /* Extensions.swift */ = {isa = PBXFileReference; lastKnownFileType = sourcecode.swift; path = Extensions.swift; sourceTree = "<group>"; };
		C4A47CBC2C0620DA004D6FB8 /* RiveAnimationView.swift */ = {isa = PBXFileReference; lastKnownFileType = sourcecode.swift; path = RiveAnimationView.swift; sourceTree = "<group>"; };
		C4FD0CCC2C110623002CF955 /* SplashArt.swift */ = {isa = PBXFileReference; lastKnownFileType = sourcecode.swift; path = SplashArt.swift; sourceTree = "<group>"; };
/* End PBXFileReference section */

/* Begin PBXFrameworksBuildPhase section */
		0738DF5D2C0E3DF400E39A3F /* Frameworks */ = {
			isa = PBXFrameworksBuildPhase;
			buildActionMask = 2147483647;
			files = (
				0738DF622C0E3DF400E39A3F /* SwiftUI.framework in Frameworks */,
				0738DF612C0E3DF400E39A3F /* WidgetKit.framework in Frameworks */,
			);
			runOnlyForDeploymentPostprocessing = 0;
		};
		76BA2A4E2BE0162A0038E2AD /* Frameworks */ = {
			isa = PBXFrameworksBuildPhase;
			buildActionMask = 2147483647;
			files = (
				2EF02FEA2BE042220023247F /* VMNotificationHandler in Frameworks */,
				2E68C0A32BFD12BE0002B3B4 /* PostHog in Frameworks */,
				C4A47CA42C052B4F004D6FB8 /* RiveRuntime in Frameworks */,
				76D4FDD42C11F313008E611F /* StoreKit.framework in Frameworks */,
			);
			runOnlyForDeploymentPostprocessing = 0;
		};
		76BA2A5E2BE0162B0038E2AD /* Frameworks */ = {
			isa = PBXFrameworksBuildPhase;
			buildActionMask = 2147483647;
			files = (
			);
			runOnlyForDeploymentPostprocessing = 0;
		};
		76BA2A682BE0162B0038E2AD /* Frameworks */ = {
			isa = PBXFrameworksBuildPhase;
			buildActionMask = 2147483647;
			files = (
			);
			runOnlyForDeploymentPostprocessing = 0;
		};
/* End PBXFrameworksBuildPhase section */

/* Begin PBXGroup section */
		072CA1302BEC288A0085CB94 /* Components */ = {
			isa = PBXGroup;
			children = (
				072CA1332BEC28CC0085CB94 /* CustomContentUnavailableView.swift */,
				769580D62BF2803C00FDB377 /* CareInfos.swift */,
				769580D82BF2805D00FDB377 /* IdealAndToleratedLight.swift */,
				769580DA2BF2806A00FDB377 /* FrameImage.swift */,
				769580E52BF3E84500FDB377 /* ReminderCard.swift */,
				C4A47CBC2C0620DA004D6FB8 /* RiveAnimationView.swift */,
				762189A82BF54E8800C80C62 /* ListPlantCard.swift */,
				07C14B582C07C14D00931DAE /* WidgetPlantView.swift */,
			);
			path = Components;
			sourceTree = "<group>";
		};
		0738DF632C0E3DF400E39A3F /* HanaWidget */ = {
			isa = PBXGroup;
			children = (
				0738DF642C0E3DF400E39A3F /* HanaWidgetBundle.swift */,
				0738DF662C0E3DF400E39A3F /* HanaWidget.swift */,
				0738DF682C0E3DF500E39A3F /* Assets.xcassets */,
				0738DF6A2C0E3DF500E39A3F /* Info.plist */,
			);
			path = HanaWidget;
			sourceTree = "<group>";
		};
		07C14B5F2C07C2C400931DAE /* Frameworks */ = {
			isa = PBXGroup;
			children = (
				76D4FDD32C11F313008E611F /* StoreKit.framework */,
				07C14B602C07C2C400931DAE /* WidgetKit.framework */,
				07C14B622C07C2C400931DAE /* SwiftUI.framework */,
			);
			name = Frameworks;
			sourceTree = "<group>";
		};
		7654490B2BFD0DE30089F7F3 /* Fontes */ = {
			isa = PBXGroup;
			children = (
				7654490C2BFD0E050089F7F3 /* Quicksand-VariableFont_wght.ttf */,
			);
			path = Fontes;
			sourceTree = "<group>";
		};
		769580DC2BF288F400FDB377 /* Recovered References */ = {
			isa = PBXGroup;
			children = (
				072CA1352BEEA64C0085CB94 /* CardsReminders.swift */,
			);
			name = "Recovered References";
			sourceTree = "<group>";
		};
		76BA2A482BE0162A0038E2AD = {
			isa = PBXGroup;
			children = (
				07C14B782C07C41900931DAE /* HanaWidgetExtension.entitlements */,
				76BA2A532BE0162A0038E2AD /* PlanTio */,
				76BA2A642BE0162B0038E2AD /* PlanTioTests */,
				76BA2A6E2BE0162B0038E2AD /* PlanTioUITests */,
				0738DF632C0E3DF400E39A3F /* HanaWidget */,
				07C14B5F2C07C2C400931DAE /* Frameworks */,
				76BA2A522BE0162A0038E2AD /* Products */,
				769580DC2BF288F400FDB377 /* Recovered References */,
			);
			sourceTree = "<group>";
		};
		76BA2A522BE0162A0038E2AD /* Products */ = {
			isa = PBXGroup;
			children = (
				76BA2A512BE0162A0038E2AD /* PlanTio.app */,
				76BA2A612BE0162B0038E2AD /* PlanTioTests.xctest */,
				76BA2A6B2BE0162B0038E2AD /* PlanTioUITests.xctest */,
				0738DF602C0E3DF400E39A3F /* HanaWidgetExtension.appex */,
			);
			name = Products;
			sourceTree = "<group>";
		};
		76BA2A532BE0162A0038E2AD /* PlanTio */ = {
			isa = PBXGroup;
			children = (
				2EF02FEB2BE16CF80023247F /* Info.plist */,
				769580D22BEC111C00FDB377 /* InfoPlants.json */,
				7654490B2BFD0DE30089F7F3 /* Fontes */,
				76BA2A932BE01D580038E2AD /* Classes */,
				76BA2A912BE01D210038E2AD /* Telas */,
				76BA2A542BE0162A0038E2AD /* PlanTioApp.swift */,
				76BA2A862BE01B770038E2AD /* DateFormatter.swift */,
				76BA2A8E2BE01C390038E2AD /* AlarmView.swift */,
				76BA2A582BE0162B0038E2AD /* Assets.xcassets */,
				76D4FDC62C10EBF1008E611F /* NightDay */,
				76D4FD8E2C078326008E611F /* hana-mix */,
				76BA2A5A2BE0162B0038E2AD /* Preview Content */,
				76BA2A982BE16B1A0038E2AD /* ImagePicker.swift */,
			);
			path = PlanTio;
			sourceTree = "<group>";
		};
		76BA2A5A2BE0162B0038E2AD /* Preview Content */ = {
			isa = PBXGroup;
			children = (
				76BA2A5B2BE0162B0038E2AD /* Preview Assets.xcassets */,
			);
			path = "Preview Content";
			sourceTree = "<group>";
		};
		76BA2A642BE0162B0038E2AD /* PlanTioTests */ = {
			isa = PBXGroup;
			children = (
				76BA2A652BE0162B0038E2AD /* PlanTioTests.swift */,
			);
			path = PlanTioTests;
			sourceTree = "<group>";
		};
		76BA2A6E2BE0162B0038E2AD /* PlanTioUITests */ = {
			isa = PBXGroup;
			children = (
				76BA2A6F2BE0162B0038E2AD /* PlanTioUITests.swift */,
				76BA2A712BE0162B0038E2AD /* PlanTioUITestsLaunchTests.swift */,
			);
			path = PlanTioUITests;
			sourceTree = "<group>";
		};
		76BA2A912BE01D210038E2AD /* Telas */ = {
			isa = PBXGroup;
			children = (
				76BA2A7E2BE016720038E2AD /* TabBarView.swift */,
				C4FD0CCC2C110623002CF955 /* SplashArt.swift */,
				76BA2A562BE0162A0038E2AD /* ContentView.swift */,
				76D4FD962C10DF57008E611F /* MaxLimitReachedView.swift */,
				072CA12E2BEAC3150085CB94 /* SwiftUIView.swift */,
				76BA2A8A2BE01C100038E2AD /* WateringView.swift */,
				76BA2A8C2BE01C230038E2AD /* SunlightView.swift */,
				2E68C0AC2C0EDD2E0002B3B4 /* LimitReachedView.swift */,
				0738DF882C10E70100E39A3F /* UpgradeView.swift */,
				76BA2A882BE01BDE0038E2AD /* PlantDetailView.swift */,
				76BA2A802BE01B230038E2AD /* AddPlantView.swift */,
				76D4FDD12C11F17A008E611F /* Opening */,
				072CA1302BEC288A0085CB94 /* Components */,
				769580D02BEC10D800FDB377 /* InfoPlant.swift */,
				2E68C0A62C0E63540002B3B4 /* Store.swift */,
			);
			path = Telas;
			sourceTree = "<group>";
		};
		76BA2A932BE01D580038E2AD /* Classes */ = {
			isa = PBXGroup;
			children = (
				76BA2A842BE01B5F0038E2AD /* Plant.swift */,
				76BA2A822BE01B490038E2AD /* PlantViewModel.swift */,
				BB715CBC2BEE6300005481A7 /* Extensions.swift */,
			);
			path = Classes;
			sourceTree = "<group>";
		};
		76D4FD8E2C078326008E611F /* hana-mix */ = {
			isa = PBXGroup;
			children = (
				76D4FD872C078326008E611F /* hana-mix.riv */,
				76D4FD882C078326008E611F /* hana.riv */,
				76D4FD892C078326008E611F /* hana4.riv */,
				76D4FD8A2C078326008E611F /* hanasad.riv */,
				76D4FD8B2C078326008E611F /* hanatry.riv */,
				76D4FD8C2C078326008E611F /* sad.riv */,
				76D4FD8D2C078326008E611F /* Test-longpress.riv */,
			);
			path = "hana-mix";
			sourceTree = "<group>";
		};
		76D4FDC62C10EBF1008E611F /* NightDay */ = {
			isa = PBXGroup;
			children = (
				76D4FDBD2C10EBF1008E611F /* Mix_Afternoon.riv */,
				76D4FDBE2C10EBF1008E611F /* Mix_Evening.riv */,
				76D4FDBF2C10EBF1008E611F /* Mix_Morning.riv */,
				76D4FDC02C10EBF1008E611F /* Mix_Night.riv */,
				76D4FDC12C10EBF1008E611F /* Sadly_Afternoon.riv */,
				76D4FDC22C10EBF1008E611F /* Sadly_Evening.riv */,
				76D4FDC32C10EBF1008E611F /* Sadly_Morning.riv */,
				76D4FDC42C10EBF1008E611F /* Sadly_Night */,
				76D4FDC52C10EBF1008E611F /* Sadly_Night.riv */,
			);
			path = NightDay;
			sourceTree = "<group>";
		};
		76D4FDD12C11F17A008E611F /* Opening */ = {
			isa = PBXGroup;
			children = (
				76D4FDD02C11F17A008E611F /* Opening.riv */,
			);
			path = Opening;
			sourceTree = "<group>";
		};
/* End PBXGroup section */

/* Begin PBXNativeTarget section */
		0738DF5F2C0E3DF400E39A3F /* HanaWidgetExtension */ = {
			isa = PBXNativeTarget;
			buildConfigurationList = 0738DF6E2C0E3DF500E39A3F /* Build configuration list for PBXNativeTarget "HanaWidgetExtension" */;
			buildPhases = (
				0738DF5C2C0E3DF400E39A3F /* Sources */,
				0738DF5D2C0E3DF400E39A3F /* Frameworks */,
				0738DF5E2C0E3DF400E39A3F /* Resources */,
			);
			buildRules = (
			);
			dependencies = (
			);
			name = HanaWidgetExtension;
			productName = HanaWidgetExtension;
			productReference = 0738DF602C0E3DF400E39A3F /* HanaWidgetExtension.appex */;
			productType = "com.apple.product-type.app-extension";
		};
		76BA2A502BE0162A0038E2AD /* PlanTio */ = {
			isa = PBXNativeTarget;
			buildConfigurationList = 76BA2A752BE0162B0038E2AD /* Build configuration list for PBXNativeTarget "PlanTio" */;
			buildPhases = (
				76BA2A4D2BE0162A0038E2AD /* Sources */,
				76BA2A4E2BE0162A0038E2AD /* Frameworks */,
				76BA2A4F2BE0162A0038E2AD /* Resources */,
				07C14B732C07C2C600931DAE /* Embed Foundation Extensions */,
			);
			buildRules = (
			);
			dependencies = (
				0738DF6C2C0E3DF500E39A3F /* PBXTargetDependency */,
			);
			name = PlanTio;
			packageProductDependencies = (
				2EF02FE92BE042220023247F /* VMNotificationHandler */,
				2E68C0A22BFD12BE0002B3B4 /* PostHog */,
				C4A47CA32C052B4F004D6FB8 /* RiveRuntime */,
			);
			productName = PlanTio;
			productReference = 76BA2A512BE0162A0038E2AD /* PlanTio.app */;
			productType = "com.apple.product-type.application";
		};
		76BA2A602BE0162B0038E2AD /* PlanTioTests */ = {
			isa = PBXNativeTarget;
			buildConfigurationList = 76BA2A782BE0162B0038E2AD /* Build configuration list for PBXNativeTarget "PlanTioTests" */;
			buildPhases = (
				76BA2A5D2BE0162B0038E2AD /* Sources */,
				76BA2A5E2BE0162B0038E2AD /* Frameworks */,
				76BA2A5F2BE0162B0038E2AD /* Resources */,
			);
			buildRules = (
			);
			dependencies = (
				76BA2A632BE0162B0038E2AD /* PBXTargetDependency */,
			);
			name = PlanTioTests;
			productName = PlanTioTests;
			productReference = 76BA2A612BE0162B0038E2AD /* PlanTioTests.xctest */;
			productType = "com.apple.product-type.bundle.unit-test";
		};
		76BA2A6A2BE0162B0038E2AD /* PlanTioUITests */ = {
			isa = PBXNativeTarget;
			buildConfigurationList = 76BA2A7B2BE0162B0038E2AD /* Build configuration list for PBXNativeTarget "PlanTioUITests" */;
			buildPhases = (
				76BA2A672BE0162B0038E2AD /* Sources */,
				76BA2A682BE0162B0038E2AD /* Frameworks */,
				76BA2A692BE0162B0038E2AD /* Resources */,
			);
			buildRules = (
			);
			dependencies = (
				76BA2A6D2BE0162B0038E2AD /* PBXTargetDependency */,
			);
			name = PlanTioUITests;
			productName = PlanTioUITests;
			productReference = 76BA2A6B2BE0162B0038E2AD /* PlanTioUITests.xctest */;
			productType = "com.apple.product-type.bundle.ui-testing";
		};
/* End PBXNativeTarget section */

/* Begin PBXProject section */
		76BA2A492BE0162A0038E2AD /* Project object */ = {
			isa = PBXProject;
			attributes = {
				BuildIndependentTargetsInParallel = 1;
				LastSwiftUpdateCheck = 1540;
				LastUpgradeCheck = 1520;
				TargetAttributes = {
					0738DF5F2C0E3DF400E39A3F = {
						CreatedOnToolsVersion = 15.4;
					};
					76BA2A502BE0162A0038E2AD = {
						CreatedOnToolsVersion = 15.2;
					};
					76BA2A602BE0162B0038E2AD = {
						CreatedOnToolsVersion = 15.2;
						TestTargetID = 76BA2A502BE0162A0038E2AD;
					};
					76BA2A6A2BE0162B0038E2AD = {
						CreatedOnToolsVersion = 15.2;
						TestTargetID = 76BA2A502BE0162A0038E2AD;
					};
				};
			};
			buildConfigurationList = 76BA2A4C2BE0162A0038E2AD /* Build configuration list for PBXProject "PlanTio" */;
			compatibilityVersion = "Xcode 14.0";
			developmentRegion = en;
			hasScannedForEncodings = 0;
			knownRegions = (
				en,
				Base,
			);
			mainGroup = 76BA2A482BE0162A0038E2AD;
			packageReferences = (
				2EF02FE82BE042220023247F /* XCRemoteSwiftPackageReference "VMNotificationHandler" */,
				2E68C0A12BFD11B10002B3B4 /* XCRemoteSwiftPackageReference "posthog-ios" */,
				C4A47C912C05288E004D6FB8 /* XCRemoteSwiftPackageReference "rive-ios" */,
			);
			productRefGroup = 76BA2A522BE0162A0038E2AD /* Products */;
			projectDirPath = "";
			projectRoot = "";
			targets = (
				76BA2A502BE0162A0038E2AD /* PlanTio */,
				76BA2A602BE0162B0038E2AD /* PlanTioTests */,
				76BA2A6A2BE0162B0038E2AD /* PlanTioUITests */,
				0738DF5F2C0E3DF400E39A3F /* HanaWidgetExtension */,
			);
		};
/* End PBXProject section */

/* Begin PBXResourcesBuildPhase section */
		0738DF5E2C0E3DF400E39A3F /* Resources */ = {
			isa = PBXResourcesBuildPhase;
			buildActionMask = 2147483647;
			files = (
				0738DF712C0E471800E39A3F /* Quicksand-VariableFont_wght.ttf in Resources */,
				0738DF692C0E3DF500E39A3F /* Assets.xcassets in Resources */,
			);
			runOnlyForDeploymentPostprocessing = 0;
		};
		76BA2A4F2BE0162A0038E2AD /* Resources */ = {
			isa = PBXResourcesBuildPhase;
			buildActionMask = 2147483647;
			files = (
				76D4FDD22C11F17A008E611F /* Opening.riv in Resources */,
				76D4FDCF2C10EBF1008E611F /* Sadly_Night.riv in Resources */,
				76BA2A5C2BE0162B0038E2AD /* Preview Assets.xcassets in Resources */,
				76D4FDCE2C10EBF1008E611F /* Sadly_Night in Resources */,
				76D4FDC92C10EBF1008E611F /* Mix_Morning.riv in Resources */,
				76D4FDCD2C10EBF1008E611F /* Sadly_Morning.riv in Resources */,
				76D4FDC72C10EBF1008E611F /* Mix_Afternoon.riv in Resources */,
				76D4FD932C078326008E611F /* hanatry.riv in Resources */,
				76D4FD912C078326008E611F /* hana4.riv in Resources */,
				76D4FD942C078326008E611F /* sad.riv in Resources */,
				76D4FD902C078326008E611F /* hana.riv in Resources */,
				76D4FD952C078326008E611F /* Test-longpress.riv in Resources */,
				76D4FDCA2C10EBF1008E611F /* Mix_Night.riv in Resources */,
				76D4FDC82C10EBF1008E611F /* Mix_Evening.riv in Resources */,
				76D4FDCB2C10EBF1008E611F /* Sadly_Afternoon.riv in Resources */,
				7654490D2BFD0E050089F7F3 /* Quicksand-VariableFont_wght.ttf in Resources */,
				76D4FD922C078326008E611F /* hanasad.riv in Resources */,
				769580D32BEC111C00FDB377 /* InfoPlants.json in Resources */,
				76D4FD8F2C078326008E611F /* hana-mix.riv in Resources */,
				76D4FDCC2C10EBF1008E611F /* Sadly_Evening.riv in Resources */,
				76BA2A592BE0162B0038E2AD /* Assets.xcassets in Resources */,
			);
			runOnlyForDeploymentPostprocessing = 0;
		};
		76BA2A5F2BE0162B0038E2AD /* Resources */ = {
			isa = PBXResourcesBuildPhase;
			buildActionMask = 2147483647;
			files = (
				7654490E2BFD0E050089F7F3 /* Quicksand-VariableFont_wght.ttf in Resources */,
			);
			runOnlyForDeploymentPostprocessing = 0;
		};
		76BA2A692BE0162B0038E2AD /* Resources */ = {
			isa = PBXResourcesBuildPhase;
			buildActionMask = 2147483647;
			files = (
				7654490F2BFD0E050089F7F3 /* Quicksand-VariableFont_wght.ttf in Resources */,
			);
			runOnlyForDeploymentPostprocessing = 0;
		};
/* End PBXResourcesBuildPhase section */

/* Begin PBXSourcesBuildPhase section */
		0738DF5C2C0E3DF400E39A3F /* Sources */ = {
			isa = PBXSourcesBuildPhase;
			buildActionMask = 2147483647;
			files = (
				0738DF652C0E3DF400E39A3F /* HanaWidgetBundle.swift in Sources */,
				0738DF672C0E3DF400E39A3F /* HanaWidget.swift in Sources */,
			);
			runOnlyForDeploymentPostprocessing = 0;
		};
		76BA2A4D2BE0162A0038E2AD /* Sources */ = {
			isa = PBXSourcesBuildPhase;
			buildActionMask = 2147483647;
			files = (
				072CA12F2BEAC3150085CB94 /* SwiftUIView.swift in Sources */,
				76BA2A812BE01B230038E2AD /* AddPlantView.swift in Sources */,
				072CA1342BEC28CC0085CB94 /* CustomContentUnavailableView.swift in Sources */,
				C4A47CBD2C0620DA004D6FB8 /* RiveAnimationView.swift in Sources */,
				2E68C0A72C0E63540002B3B4 /* Store.swift in Sources */,
				76BA2A852BE01B5F0038E2AD /* Plant.swift in Sources */,
				769580D72BF2803C00FDB377 /* CareInfos.swift in Sources */,
				0738DF892C10E70100E39A3F /* UpgradeView.swift in Sources */,
				76BA2A8D2BE01C230038E2AD /* SunlightView.swift in Sources */,
				76BA2A572BE0162A0038E2AD /* ContentView.swift in Sources */,
				769580DB2BF2806A00FDB377 /* FrameImage.swift in Sources */,
				762189A92BF54E8800C80C62 /* ListPlantCard.swift in Sources */,
				76BA2A872BE01B770038E2AD /* DateFormatter.swift in Sources */,
				769580D92BF2805D00FDB377 /* IdealAndToleratedLight.swift in Sources */,
				769580E62BF3E84500FDB377 /* ReminderCard.swift in Sources */,
				76BA2A7F2BE016720038E2AD /* TabBarView.swift in Sources */,
				76BA2A892BE01BDE0038E2AD /* PlantDetailView.swift in Sources */,
				76BA2A8F2BE01C390038E2AD /* AlarmView.swift in Sources */,
				76BA2A832BE01B490038E2AD /* PlantViewModel.swift in Sources */,
				BB715CBD2BEE6300005481A7 /* Extensions.swift in Sources */,
				76BA2A992BE16B1A0038E2AD /* ImagePicker.swift in Sources */,
				07C14B592C07C14D00931DAE /* WidgetPlantView.swift in Sources */,
				2E68C0AD2C0EDD2E0002B3B4 /* LimitReachedView.swift in Sources */,
				76D4FD972C10DF57008E611F /* MaxLimitReachedView.swift in Sources */,
				76BA2A552BE0162A0038E2AD /* PlanTioApp.swift in Sources */,
				769580D12BEC10D800FDB377 /* InfoPlant.swift in Sources */,
				C4FD0CCD2C110623002CF955 /* SplashArt.swift in Sources */,
				76BA2A8B2BE01C100038E2AD /* WateringView.swift in Sources */,
				0738DF722C10DCB200E39A3F /* HanaWidget.swift in Sources */,
			);
			runOnlyForDeploymentPostprocessing = 0;
		};
		76BA2A5D2BE0162B0038E2AD /* Sources */ = {
			isa = PBXSourcesBuildPhase;
			buildActionMask = 2147483647;
			files = (
				76BA2A662BE0162B0038E2AD /* PlanTioTests.swift in Sources */,
			);
			runOnlyForDeploymentPostprocessing = 0;
		};
		76BA2A672BE0162B0038E2AD /* Sources */ = {
			isa = PBXSourcesBuildPhase;
			buildActionMask = 2147483647;
			files = (
				76BA2A722BE0162B0038E2AD /* PlanTioUITestsLaunchTests.swift in Sources */,
				76BA2A702BE0162B0038E2AD /* PlanTioUITests.swift in Sources */,
			);
			runOnlyForDeploymentPostprocessing = 0;
		};
/* End PBXSourcesBuildPhase section */

/* Begin PBXTargetDependency section */
		0738DF6C2C0E3DF500E39A3F /* PBXTargetDependency */ = {
			isa = PBXTargetDependency;
			target = 0738DF5F2C0E3DF400E39A3F /* HanaWidgetExtension */;
			targetProxy = 0738DF6B2C0E3DF500E39A3F /* PBXContainerItemProxy */;
		};
		76BA2A632BE0162B0038E2AD /* PBXTargetDependency */ = {
			isa = PBXTargetDependency;
			target = 76BA2A502BE0162A0038E2AD /* PlanTio */;
			targetProxy = 76BA2A622BE0162B0038E2AD /* PBXContainerItemProxy */;
		};
		76BA2A6D2BE0162B0038E2AD /* PBXTargetDependency */ = {
			isa = PBXTargetDependency;
			target = 76BA2A502BE0162A0038E2AD /* PlanTio */;
			targetProxy = 76BA2A6C2BE0162B0038E2AD /* PBXContainerItemProxy */;
		};
/* End PBXTargetDependency section */

/* Begin XCBuildConfiguration section */
		0738DF6F2C0E3DF500E39A3F /* Debug */ = {
			isa = XCBuildConfiguration;
			buildSettings = {
				ASSETCATALOG_COMPILER_GLOBAL_ACCENT_COLOR_NAME = AccentColor;
				ASSETCATALOG_COMPILER_WIDGET_BACKGROUND_COLOR_NAME = WidgetBackground;
				CODE_SIGN_STYLE = Automatic;
				CURRENT_PROJECT_VERSION = 1;
				DEVELOPMENT_TEAM = 67AYPRFZH8;
				GENERATE_INFOPLIST_FILE = YES;
				INFOPLIST_FILE = HanaWidget/Info.plist;
				INFOPLIST_KEY_CFBundleDisplayName = HanaWidget;
				INFOPLIST_KEY_NSHumanReadableCopyright = "";
				IPHONEOS_DEPLOYMENT_TARGET = 17.5;
				LD_RUNPATH_SEARCH_PATHS = (
					"$(inherited)",
					"@executable_path/Frameworks",
					"@executable_path/../../Frameworks",
				);
				MARKETING_VERSION = 1.0;
				PRODUCT_BUNDLE_IDENTIFIER = challenge2.PlanTio.HanaWidget;
				PRODUCT_NAME = "$(TARGET_NAME)";
				SKIP_INSTALL = YES;
				SWIFT_EMIT_LOC_STRINGS = YES;
				SWIFT_VERSION = 5.0;
				TARGETED_DEVICE_FAMILY = "1,2";
			};
			name = Debug;
		};
		0738DF702C0E3DF500E39A3F /* Release */ = {
			isa = XCBuildConfiguration;
			buildSettings = {
				ASSETCATALOG_COMPILER_GLOBAL_ACCENT_COLOR_NAME = AccentColor;
				ASSETCATALOG_COMPILER_WIDGET_BACKGROUND_COLOR_NAME = WidgetBackground;
				CODE_SIGN_STYLE = Automatic;
				CURRENT_PROJECT_VERSION = 1;
				DEVELOPMENT_TEAM = 67AYPRFZH8;
				GENERATE_INFOPLIST_FILE = YES;
				INFOPLIST_FILE = HanaWidget/Info.plist;
				INFOPLIST_KEY_CFBundleDisplayName = HanaWidget;
				INFOPLIST_KEY_NSHumanReadableCopyright = "";
				IPHONEOS_DEPLOYMENT_TARGET = 17.5;
				LD_RUNPATH_SEARCH_PATHS = (
					"$(inherited)",
					"@executable_path/Frameworks",
					"@executable_path/../../Frameworks",
				);
				MARKETING_VERSION = 1.0;
				PRODUCT_BUNDLE_IDENTIFIER = challenge2.PlanTio.HanaWidget;
				PRODUCT_NAME = "$(TARGET_NAME)";
				SKIP_INSTALL = YES;
				SWIFT_EMIT_LOC_STRINGS = YES;
				SWIFT_VERSION = 5.0;
				TARGETED_DEVICE_FAMILY = "1,2";
			};
			name = Release;
		};
		76BA2A732BE0162B0038E2AD /* Debug */ = {
			isa = XCBuildConfiguration;
			buildSettings = {
				ALWAYS_SEARCH_USER_PATHS = NO;
				ASSETCATALOG_COMPILER_GENERATE_SWIFT_ASSET_SYMBOL_EXTENSIONS = YES;
				CLANG_ANALYZER_NONNULL = YES;
				CLANG_ANALYZER_NUMBER_OBJECT_CONVERSION = YES_AGGRESSIVE;
				CLANG_CXX_LANGUAGE_STANDARD = "gnu++20";
				CLANG_ENABLE_MODULES = YES;
				CLANG_ENABLE_OBJC_ARC = YES;
				CLANG_ENABLE_OBJC_WEAK = YES;
				CLANG_WARN_BLOCK_CAPTURE_AUTORELEASING = YES;
				CLANG_WARN_BOOL_CONVERSION = YES;
				CLANG_WARN_COMMA = YES;
				CLANG_WARN_CONSTANT_CONVERSION = YES;
				CLANG_WARN_DEPRECATED_OBJC_IMPLEMENTATIONS = YES;
				CLANG_WARN_DIRECT_OBJC_ISA_USAGE = YES_ERROR;
				CLANG_WARN_DOCUMENTATION_COMMENTS = YES;
				CLANG_WARN_EMPTY_BODY = YES;
				CLANG_WARN_ENUM_CONVERSION = YES;
				CLANG_WARN_INFINITE_RECURSION = YES;
				CLANG_WARN_INT_CONVERSION = YES;
				CLANG_WARN_NON_LITERAL_NULL_CONVERSION = YES;
				CLANG_WARN_OBJC_IMPLICIT_RETAIN_SELF = YES;
				CLANG_WARN_OBJC_LITERAL_CONVERSION = YES;
				CLANG_WARN_OBJC_ROOT_CLASS = YES_ERROR;
				CLANG_WARN_QUOTED_INCLUDE_IN_FRAMEWORK_HEADER = YES;
				CLANG_WARN_RANGE_LOOP_ANALYSIS = YES;
				CLANG_WARN_STRICT_PROTOTYPES = YES;
				CLANG_WARN_SUSPICIOUS_MOVE = YES;
				CLANG_WARN_UNGUARDED_AVAILABILITY = YES_AGGRESSIVE;
				CLANG_WARN_UNREACHABLE_CODE = YES;
				CLANG_WARN__DUPLICATE_METHOD_MATCH = YES;
				COPY_PHASE_STRIP = NO;
				DEBUG_INFORMATION_FORMAT = dwarf;
				ENABLE_STRICT_OBJC_MSGSEND = YES;
				ENABLE_TESTABILITY = YES;
				ENABLE_USER_SCRIPT_SANDBOXING = YES;
				GCC_C_LANGUAGE_STANDARD = gnu17;
				GCC_DYNAMIC_NO_PIC = NO;
				GCC_NO_COMMON_BLOCKS = YES;
				GCC_OPTIMIZATION_LEVEL = 0;
				GCC_PREPROCESSOR_DEFINITIONS = (
					"DEBUG=1",
					"$(inherited)",
				);
				GCC_WARN_64_TO_32_BIT_CONVERSION = YES;
				GCC_WARN_ABOUT_RETURN_TYPE = YES_ERROR;
				GCC_WARN_UNDECLARED_SELECTOR = YES;
				GCC_WARN_UNINITIALIZED_AUTOS = YES_AGGRESSIVE;
				GCC_WARN_UNUSED_FUNCTION = YES;
				GCC_WARN_UNUSED_VARIABLE = YES;
				IPHONEOS_DEPLOYMENT_TARGET = 17.2;
				LOCALIZATION_PREFERS_STRING_CATALOGS = YES;
				MTL_ENABLE_DEBUG_INFO = INCLUDE_SOURCE;
				MTL_FAST_MATH = YES;
				ONLY_ACTIVE_ARCH = YES;
				SDKROOT = iphoneos;
				SWIFT_ACTIVE_COMPILATION_CONDITIONS = "DEBUG $(inherited)";
				SWIFT_OPTIMIZATION_LEVEL = "-Onone";
			};
			name = Debug;
		};
		76BA2A742BE0162B0038E2AD /* Release */ = {
			isa = XCBuildConfiguration;
			buildSettings = {
				ALWAYS_SEARCH_USER_PATHS = NO;
				ASSETCATALOG_COMPILER_GENERATE_SWIFT_ASSET_SYMBOL_EXTENSIONS = YES;
				CLANG_ANALYZER_NONNULL = YES;
				CLANG_ANALYZER_NUMBER_OBJECT_CONVERSION = YES_AGGRESSIVE;
				CLANG_CXX_LANGUAGE_STANDARD = "gnu++20";
				CLANG_ENABLE_MODULES = YES;
				CLANG_ENABLE_OBJC_ARC = YES;
				CLANG_ENABLE_OBJC_WEAK = YES;
				CLANG_WARN_BLOCK_CAPTURE_AUTORELEASING = YES;
				CLANG_WARN_BOOL_CONVERSION = YES;
				CLANG_WARN_COMMA = YES;
				CLANG_WARN_CONSTANT_CONVERSION = YES;
				CLANG_WARN_DEPRECATED_OBJC_IMPLEMENTATIONS = YES;
				CLANG_WARN_DIRECT_OBJC_ISA_USAGE = YES_ERROR;
				CLANG_WARN_DOCUMENTATION_COMMENTS = YES;
				CLANG_WARN_EMPTY_BODY = YES;
				CLANG_WARN_ENUM_CONVERSION = YES;
				CLANG_WARN_INFINITE_RECURSION = YES;
				CLANG_WARN_INT_CONVERSION = YES;
				CLANG_WARN_NON_LITERAL_NULL_CONVERSION = YES;
				CLANG_WARN_OBJC_IMPLICIT_RETAIN_SELF = YES;
				CLANG_WARN_OBJC_LITERAL_CONVERSION = YES;
				CLANG_WARN_OBJC_ROOT_CLASS = YES_ERROR;
				CLANG_WARN_QUOTED_INCLUDE_IN_FRAMEWORK_HEADER = YES;
				CLANG_WARN_RANGE_LOOP_ANALYSIS = YES;
				CLANG_WARN_STRICT_PROTOTYPES = YES;
				CLANG_WARN_SUSPICIOUS_MOVE = YES;
				CLANG_WARN_UNGUARDED_AVAILABILITY = YES_AGGRESSIVE;
				CLANG_WARN_UNREACHABLE_CODE = YES;
				CLANG_WARN__DUPLICATE_METHOD_MATCH = YES;
				COPY_PHASE_STRIP = NO;
				DEBUG_INFORMATION_FORMAT = "dwarf-with-dsym";
				ENABLE_NS_ASSERTIONS = NO;
				ENABLE_STRICT_OBJC_MSGSEND = YES;
				ENABLE_USER_SCRIPT_SANDBOXING = YES;
				GCC_C_LANGUAGE_STANDARD = gnu17;
				GCC_NO_COMMON_BLOCKS = YES;
				GCC_WARN_64_TO_32_BIT_CONVERSION = YES;
				GCC_WARN_ABOUT_RETURN_TYPE = YES_ERROR;
				GCC_WARN_UNDECLARED_SELECTOR = YES;
				GCC_WARN_UNINITIALIZED_AUTOS = YES_AGGRESSIVE;
				GCC_WARN_UNUSED_FUNCTION = YES;
				GCC_WARN_UNUSED_VARIABLE = YES;
				IPHONEOS_DEPLOYMENT_TARGET = 17.2;
				LOCALIZATION_PREFERS_STRING_CATALOGS = YES;
				MTL_ENABLE_DEBUG_INFO = NO;
				MTL_FAST_MATH = YES;
				SDKROOT = iphoneos;
				SWIFT_COMPILATION_MODE = wholemodule;
				VALIDATE_PRODUCT = YES;
			};
			name = Release;
		};
		76BA2A762BE0162B0038E2AD /* Debug */ = {
			isa = XCBuildConfiguration;
			buildSettings = {
				ALWAYS_EMBED_SWIFT_STANDARD_LIBRARIES = YES;
				ASSETCATALOG_COMPILER_APPICON_NAME = AppIcon;
				ASSETCATALOG_COMPILER_GLOBAL_ACCENT_COLOR_NAME = AccentColor;
				CODE_SIGN_STYLE = Automatic;
				CURRENT_PROJECT_VERSION = 1;
				DEVELOPMENT_ASSET_PATHS = "\"PlanTio/Preview Content\"";
				DEVELOPMENT_TEAM = 67AYPRFZH8;
				ENABLE_PREVIEWS = YES;
				GENERATE_INFOPLIST_FILE = YES;
				INFOPLIST_FILE = PlanTio/Info.plist;
				INFOPLIST_KEY_CFBundleDisplayName = Hana;
				INFOPLIST_KEY_NSCameraUsageDescription = "Allow access to your camera to take photos of your plants.";
				INFOPLIST_KEY_NSPhotoLibraryUsageDescription = "Allow access to your gallery to upload photos of your plants.";
				INFOPLIST_KEY_UIApplicationSceneManifest_Generation = YES;
				INFOPLIST_KEY_UIApplicationSupportsIndirectInputEvents = YES;
				INFOPLIST_KEY_UILaunchScreen_Generation = YES;
				INFOPLIST_KEY_UISupportedInterfaceOrientations_iPad = "UIInterfaceOrientationPortrait UIInterfaceOrientationPortraitUpsideDown UIInterfaceOrientationLandscapeLeft UIInterfaceOrientationLandscapeRight";
				INFOPLIST_KEY_UISupportedInterfaceOrientations_iPhone = "UIInterfaceOrientationPortrait UIInterfaceOrientationLandscapeLeft UIInterfaceOrientationLandscapeRight";
				LD_RUNPATH_SEARCH_PATHS = (
					"$(inherited)",
					"@executable_path/Frameworks",
				);
				MARKETING_VERSION = 1.2;
				PRODUCT_BUNDLE_IDENTIFIER = challenge2.PlanTio;
				PRODUCT_NAME = "$(TARGET_NAME)";
				SUPPORTED_PLATFORMS = "iphoneos iphonesimulator";
				SUPPORTS_MACCATALYST = NO;
				SUPPORTS_MAC_DESIGNED_FOR_IPHONE_IPAD = NO;
				SUPPORTS_XR_DESIGNED_FOR_IPHONE_IPAD = NO;
				SWIFT_EMIT_LOC_STRINGS = YES;
				SWIFT_VERSION = 5.0;
				TARGETED_DEVICE_FAMILY = 1;
			};
			name = Debug;
		};
		76BA2A772BE0162B0038E2AD /* Release */ = {
			isa = XCBuildConfiguration;
			buildSettings = {
				ALWAYS_EMBED_SWIFT_STANDARD_LIBRARIES = YES;
				ASSETCATALOG_COMPILER_APPICON_NAME = AppIcon;
				ASSETCATALOG_COMPILER_GLOBAL_ACCENT_COLOR_NAME = AccentColor;
				CODE_SIGN_STYLE = Automatic;
				CURRENT_PROJECT_VERSION = 1;
				DEVELOPMENT_ASSET_PATHS = "\"PlanTio/Preview Content\"";
				DEVELOPMENT_TEAM = 67AYPRFZH8;
				ENABLE_PREVIEWS = YES;
				GENERATE_INFOPLIST_FILE = YES;
				INFOPLIST_FILE = PlanTio/Info.plist;
				INFOPLIST_KEY_CFBundleDisplayName = Hana;
				INFOPLIST_KEY_NSCameraUsageDescription = "Allow access to your camera to take photos of your plants.";
				INFOPLIST_KEY_NSPhotoLibraryUsageDescription = "Allow access to your gallery to upload photos of your plants.";
				INFOPLIST_KEY_UIApplicationSceneManifest_Generation = YES;
				INFOPLIST_KEY_UIApplicationSupportsIndirectInputEvents = YES;
				INFOPLIST_KEY_UILaunchScreen_Generation = YES;
				INFOPLIST_KEY_UISupportedInterfaceOrientations_iPad = "UIInterfaceOrientationPortrait UIInterfaceOrientationPortraitUpsideDown UIInterfaceOrientationLandscapeLeft UIInterfaceOrientationLandscapeRight";
				INFOPLIST_KEY_UISupportedInterfaceOrientations_iPhone = "UIInterfaceOrientationPortrait UIInterfaceOrientationLandscapeLeft UIInterfaceOrientationLandscapeRight";
				LD_RUNPATH_SEARCH_PATHS = (
					"$(inherited)",
					"@executable_path/Frameworks",
				);
				MARKETING_VERSION = 1.2;
				PRODUCT_BUNDLE_IDENTIFIER = challenge2.PlanTio;
				PRODUCT_NAME = "$(TARGET_NAME)";
				SUPPORTED_PLATFORMS = "iphoneos iphonesimulator";
				SUPPORTS_MACCATALYST = NO;
				SUPPORTS_MAC_DESIGNED_FOR_IPHONE_IPAD = NO;
				SUPPORTS_XR_DESIGNED_FOR_IPHONE_IPAD = NO;
				SWIFT_EMIT_LOC_STRINGS = YES;
				SWIFT_VERSION = 5.0;
				TARGETED_DEVICE_FAMILY = 1;
			};
			name = Release;
		};
		76BA2A792BE0162B0038E2AD /* Debug */ = {
			isa = XCBuildConfiguration;
			buildSettings = {
				ALWAYS_EMBED_SWIFT_STANDARD_LIBRARIES = YES;
				BUNDLE_LOADER = "$(TEST_HOST)";
				CODE_SIGN_STYLE = Automatic;
				CURRENT_PROJECT_VERSION = 1;
				DEVELOPMENT_TEAM = 67AYPRFZH8;
				GENERATE_INFOPLIST_FILE = YES;
				IPHONEOS_DEPLOYMENT_TARGET = 17.2;
				MARKETING_VERSION = 1.0;
				PRODUCT_BUNDLE_IDENTIFIER = challenge2.PlanTioTests;
				PRODUCT_NAME = "$(TARGET_NAME)";
				SWIFT_EMIT_LOC_STRINGS = NO;
				SWIFT_VERSION = 5.0;
				TARGETED_DEVICE_FAMILY = "1,2";
				TEST_HOST = "$(BUILT_PRODUCTS_DIR)/PlanTio.app/$(BUNDLE_EXECUTABLE_FOLDER_PATH)/PlanTio";
			};
			name = Debug;
		};
		76BA2A7A2BE0162B0038E2AD /* Release */ = {
			isa = XCBuildConfiguration;
			buildSettings = {
				ALWAYS_EMBED_SWIFT_STANDARD_LIBRARIES = YES;
				BUNDLE_LOADER = "$(TEST_HOST)";
				CODE_SIGN_STYLE = Automatic;
				CURRENT_PROJECT_VERSION = 1;
				DEVELOPMENT_TEAM = 67AYPRFZH8;
				GENERATE_INFOPLIST_FILE = YES;
				IPHONEOS_DEPLOYMENT_TARGET = 17.2;
				MARKETING_VERSION = 1.0;
				PRODUCT_BUNDLE_IDENTIFIER = challenge2.PlanTioTests;
				PRODUCT_NAME = "$(TARGET_NAME)";
				SWIFT_EMIT_LOC_STRINGS = NO;
				SWIFT_VERSION = 5.0;
				TARGETED_DEVICE_FAMILY = "1,2";
				TEST_HOST = "$(BUILT_PRODUCTS_DIR)/PlanTio.app/$(BUNDLE_EXECUTABLE_FOLDER_PATH)/PlanTio";
			};
			name = Release;
		};
		76BA2A7C2BE0162B0038E2AD /* Debug */ = {
			isa = XCBuildConfiguration;
			buildSettings = {
				ALWAYS_EMBED_SWIFT_STANDARD_LIBRARIES = YES;
				CODE_SIGN_STYLE = Automatic;
				CURRENT_PROJECT_VERSION = 1;
				DEVELOPMENT_TEAM = 67AYPRFZH8;
				GENERATE_INFOPLIST_FILE = YES;
				MARKETING_VERSION = 1.0;
				PRODUCT_BUNDLE_IDENTIFIER = challenge2.PlanTioUITests;
				PRODUCT_NAME = "$(TARGET_NAME)";
				SWIFT_EMIT_LOC_STRINGS = NO;
				SWIFT_VERSION = 5.0;
				TARGETED_DEVICE_FAMILY = "1,2";
				TEST_TARGET_NAME = PlanTio;
			};
			name = Debug;
		};
		76BA2A7D2BE0162B0038E2AD /* Release */ = {
			isa = XCBuildConfiguration;
			buildSettings = {
				ALWAYS_EMBED_SWIFT_STANDARD_LIBRARIES = YES;
				CODE_SIGN_STYLE = Automatic;
				CURRENT_PROJECT_VERSION = 1;
				DEVELOPMENT_TEAM = 67AYPRFZH8;
				GENERATE_INFOPLIST_FILE = YES;
				MARKETING_VERSION = 1.0;
				PRODUCT_BUNDLE_IDENTIFIER = challenge2.PlanTioUITests;
				PRODUCT_NAME = "$(TARGET_NAME)";
				SWIFT_EMIT_LOC_STRINGS = NO;
				SWIFT_VERSION = 5.0;
				TARGETED_DEVICE_FAMILY = "1,2";
				TEST_TARGET_NAME = PlanTio;
			};
			name = Release;
		};
/* End XCBuildConfiguration section */

/* Begin XCConfigurationList section */
		0738DF6E2C0E3DF500E39A3F /* Build configuration list for PBXNativeTarget "HanaWidgetExtension" */ = {
			isa = XCConfigurationList;
			buildConfigurations = (
				0738DF6F2C0E3DF500E39A3F /* Debug */,
				0738DF702C0E3DF500E39A3F /* Release */,
			);
			defaultConfigurationIsVisible = 0;
			defaultConfigurationName = Release;
		};
		76BA2A4C2BE0162A0038E2AD /* Build configuration list for PBXProject "PlanTio" */ = {
			isa = XCConfigurationList;
			buildConfigurations = (
				76BA2A732BE0162B0038E2AD /* Debug */,
				76BA2A742BE0162B0038E2AD /* Release */,
			);
			defaultConfigurationIsVisible = 0;
			defaultConfigurationName = Release;
		};
		76BA2A752BE0162B0038E2AD /* Build configuration list for PBXNativeTarget "PlanTio" */ = {
			isa = XCConfigurationList;
			buildConfigurations = (
				76BA2A762BE0162B0038E2AD /* Debug */,
				76BA2A772BE0162B0038E2AD /* Release */,
			);
			defaultConfigurationIsVisible = 0;
			defaultConfigurationName = Release;
		};
		76BA2A782BE0162B0038E2AD /* Build configuration list for PBXNativeTarget "PlanTioTests" */ = {
			isa = XCConfigurationList;
			buildConfigurations = (
				76BA2A792BE0162B0038E2AD /* Debug */,
				76BA2A7A2BE0162B0038E2AD /* Release */,
			);
			defaultConfigurationIsVisible = 0;
			defaultConfigurationName = Release;
		};
		76BA2A7B2BE0162B0038E2AD /* Build configuration list for PBXNativeTarget "PlanTioUITests" */ = {
			isa = XCConfigurationList;
			buildConfigurations = (
				76BA2A7C2BE0162B0038E2AD /* Debug */,
				76BA2A7D2BE0162B0038E2AD /* Release */,
			);
			defaultConfigurationIsVisible = 0;
			defaultConfigurationName = Release;
		};
/* End XCConfigurationList section */

/* Begin XCRemoteSwiftPackageReference section */
		2E68C0A12BFD11B10002B3B4 /* XCRemoteSwiftPackageReference "posthog-ios" */ = {
			isa = XCRemoteSwiftPackageReference;
			repositoryURL = "https://github.com/PostHog/posthog-ios.git";
			requirement = {
				kind = upToNextMajorVersion;
				minimumVersion = 3.3.0;
			};
		};
		2EF02FE82BE042220023247F /* XCRemoteSwiftPackageReference "VMNotificationHandler" */ = {
			isa = XCRemoteSwiftPackageReference;
			repositoryURL = "https://github.com/Visckmart/VMNotificationHandler.git";
			requirement = {
				kind = upToNextMajorVersion;
				minimumVersion = 1.2.0;
			};
		};
		C4A47C912C05288E004D6FB8 /* XCRemoteSwiftPackageReference "rive-ios" */ = {
			isa = XCRemoteSwiftPackageReference;
			repositoryURL = "https://github.com/rive-app/rive-ios";
			requirement = {
				kind = upToNextMajorVersion;
				minimumVersion = 5.11.6;
			};
		};
/* End XCRemoteSwiftPackageReference section */

/* Begin XCSwiftPackageProductDependency section */
		2E68C0A22BFD12BE0002B3B4 /* PostHog */ = {
			isa = XCSwiftPackageProductDependency;
			package = 2E68C0A12BFD11B10002B3B4 /* XCRemoteSwiftPackageReference "posthog-ios" */;
			productName = PostHog;
		};
		2EF02FE92BE042220023247F /* VMNotificationHandler */ = {
			isa = XCSwiftPackageProductDependency;
			package = 2EF02FE82BE042220023247F /* XCRemoteSwiftPackageReference "VMNotificationHandler" */;
			productName = VMNotificationHandler;
		};
		C4A47CA32C052B4F004D6FB8 /* RiveRuntime */ = {
			isa = XCSwiftPackageProductDependency;
			package = C4A47C912C05288E004D6FB8 /* XCRemoteSwiftPackageReference "rive-ios" */;
			productName = RiveRuntime;
		};
/* End XCSwiftPackageProductDependency section */
	};
	rootObject = 76BA2A492BE0162A0038E2AD /* Project object */;
}
