{
  "originHash" : "2136060288c4956e4d797f84657e6ba844a71ce6fe42869c7f35f6c64e8f593c",
  "pins" : [
    {
      "identity" : "posthog-ios",
      "kind" : "remoteSourceControl",
      "location" : "https://github.com/PostHog/posthog-ios.git",
      "state" : {
        "revision" : "6d3406b60a8af25401a1723b418b57f245ab6808",
        "version" : "3.3.0"
      }
    },
    {
      "identity" : "vmnotificationhandler",
      "kind" : "remoteSourceControl",
      "location" : "https://github.com/Visckmart/VMNotificationHandler.git",
      "state" : {
        "revision" : "4e4436cf8b16967679a116c9e43a748bba91f046",
        "version" : "1.2.0"
      }
    }
  ],
  "version" : 3
}
