{
  "originHash" : "6f5fb3b735f146b29bfbfe1c1b775e638b3f067816524bd266a02ea696e1d947",
  "pins" : [
    {
      "identity" : "aixplainkit",
      "kind" : "remoteSourceControl",
      "location" : "https://github.com/aixplain/aiXplainKit",
      "state" : {
        "branch" : "main",
        "revision" : "64a294ba688e88e62a4728d78129da4ce055bf00"
      }
    },
    {
      "identity" : "posthog-ios",
      "kind" : "remoteSourceControl",
      "location" : "https://github.com/PostHog/posthog-ios.git",
      "state" : {
        "revision" : "b378bd66aaa41162ea4dc1b1ced5433c2af65c48",
        "version" : "3.4.0"
      }
    },
    {
      "identity" : "rive-ios",
      "kind" : "remoteSourceControl",
      "location" : "https://github.com/rive-app/rive-ios",
      "state" : {
        "revision" : "df1e3f2e3be22afe8418e3b29ddc161bc7785e1c",
        "version" : "5.11.6"
      }
    },
    {
      "identity" : "vmnotificationhandler",
      "kind" : "remoteSourceControl",
      "location" : "https://github.com/Visckmart/VMNotificationHandler.git",
      "state" : {
        "revision" : "c4c16a1d1dd7b76db8c7d02c0ec9094668704bdb",
        "version" : "1.2.3"
      }
    }
  ],
  "version" : 3
}
